// !$*UTF8*$!
{
	archiveVersion = 1;
	classes = {
	};
	objectVersion = 55;
	objects = {

/* Begin PBXBuildFile section */
		52605C8D2801622D0082C0DB /* InfluenceMap.swift in Sources */ = {isa = PBXBuildFile; fileRef = 52605C8C2801622D0082C0DB /* InfluenceMap.swift */; };
		52605C902801E3B00082C0DB /* InfluenceMapStrategy.swift in Sources */ = {isa = PBXBuildFile; fileRef = 52605C8F2801E3B00082C0DB /* InfluenceMapStrategy.swift */; };
		52605C922801E5510082C0DB /* CityInfluenceMapStrategy.swift in Sources */ = {isa = PBXBuildFile; fileRef = 52605C912801E5510082C0DB /* CityInfluenceMapStrategy.swift */; };
		52605C942801E9560082C0DB /* CityInfluenceSpreadStrategy.swift in Sources */ = {isa = PBXBuildFile; fileRef = 52605C932801E9560082C0DB /* CityInfluenceSpreadStrategy.swift */; };
		52AB06FB2801FB400039B47D /* UnitInfluenceMapStrategy.swift in Sources */ = {isa = PBXBuildFile; fileRef = 52AB06FA2801FB400039B47D /* UnitInfluenceMapStrategy.swift */; };
		52E0B18A27E6D86A00607FBE /* Constants.swift in Sources */ = {isa = PBXBuildFile; fileRef = 52E0B18927E6D86A00607FBE /* Constants.swift */; };
		52E0B19127E6D87600607FBE /* TiledTileset.swift in Sources */ = {isa = PBXBuildFile; fileRef = 52E0B18C27E6D87600607FBE /* TiledTileset.swift */; };
		52E0B19227E6D87600607FBE /* TiledMapParser.swift in Sources */ = {isa = PBXBuildFile; fileRef = 52E0B18D27E6D87600607FBE /* TiledMapParser.swift */; };
		52E0B19327E6D87600607FBE /* TiledTilesetParser.swift in Sources */ = {isa = PBXBuildFile; fileRef = 52E0B18E27E6D87600607FBE /* TiledTilesetParser.swift */; };
		52E0B19427E6D87600607FBE /* Map.swift in Sources */ = {isa = PBXBuildFile; fileRef = 52E0B18F27E6D87600607FBE /* Map.swift */; };
		52E0B19527E6D87600607FBE /* Tile.swift in Sources */ = {isa = PBXBuildFile; fileRef = 52E0B19027E6D87600607FBE /* Tile.swift */; };
		52E0B19E27E6DFA100607FBE /* Game.swift in Sources */ = {isa = PBXBuildFile; fileRef = 52E0B19927E6DFA000607FBE /* Game.swift */; };
		52E0B19F27E6DFA100607FBE /* Energy.swift in Sources */ = {isa = PBXBuildFile; fileRef = 52E0B19A27E6DFA000607FBE /* Energy.swift */; };
		52E0B1A027E6DFA100607FBE /* Builder.swift in Sources */ = {isa = PBXBuildFile; fileRef = 52E0B19B27E6DFA000607FBE /* Builder.swift */; };
		52E0B1A227E6DFA100607FBE /* EntityManager.swift in Sources */ = {isa = PBXBuildFile; fileRef = 52E0B19D27E6DFA100607FBE /* EntityManager.swift */; };
		52E0B1AF27E6DFD100607FBE /* Gate.swift in Sources */ = {isa = PBXBuildFile; fileRef = 52E0B1A427E6DFD000607FBE /* Gate.swift */; };
		52E0B1B027E6DFD100607FBE /* EnergyStorage.swift in Sources */ = {isa = PBXBuildFile; fileRef = 52E0B1A527E6DFD000607FBE /* EnergyStorage.swift */; };
		52E0B1B127E6DFD100607FBE /* Shipyard.swift in Sources */ = {isa = PBXBuildFile; fileRef = 52E0B1A627E6DFD000607FBE /* Shipyard.swift */; };
		52E0B1B227E6DFD100607FBE /* Wall.swift in Sources */ = {isa = PBXBuildFile; fileRef = 52E0B1A727E6DFD000607FBE /* Wall.swift */; };
		52E0B1B327E6DFD100607FBE /* MineralStorage.swift in Sources */ = {isa = PBXBuildFile; fileRef = 52E0B1A827E6DFD000607FBE /* MineralStorage.swift */; };
		52E0B1B427E6DFD100607FBE /* Pod.swift in Sources */ = {isa = PBXBuildFile; fileRef = 52E0B1A927E6DFD000607FBE /* Pod.swift */; };
		52E0B1B527E6DFD100607FBE /* PowerPlant.swift in Sources */ = {isa = PBXBuildFile; fileRef = 52E0B1AA27E6DFD100607FBE /* PowerPlant.swift */; };
		52E0B1B627E6DFD100607FBE /* CommandCenter.swift in Sources */ = {isa = PBXBuildFile; fileRef = 52E0B1AB27E6DFD100607FBE /* CommandCenter.swift */; };
		52E0B1B727E6DFD100607FBE /* ConcreteStorage.swift in Sources */ = {isa = PBXBuildFile; fileRef = 52E0B1AC27E6DFD100607FBE /* ConcreteStorage.swift */; };
		52E0B1B827E6DFD100607FBE /* RadarTower.swift in Sources */ = {isa = PBXBuildFile; fileRef = 52E0B1AD27E6DFD100607FBE /* RadarTower.swift */; };
		52E0B1B927E6DFD100607FBE /* Barracks.swift in Sources */ = {isa = PBXBuildFile; fileRef = 52E0B1AE27E6DFD100607FBE /* Barracks.swift */; };
		52E0B1BC27E6E18000607FBE /* SpriteComponent.swift in Sources */ = {isa = PBXBuildFile; fileRef = 52E0B1BB27E6E18000607FBE /* SpriteComponent.swift */; };
		52E0B1BE27E6E1AC00607FBE /* DamageableComponent.swift in Sources */ = {isa = PBXBuildFile; fileRef = 52E0B1BD27E6E1AC00607FBE /* DamageableComponent.swift */; };
		52E0B1C127E6E25300607FBE /* SpriteNode.swift in Sources */ = {isa = PBXBuildFile; fileRef = 52E0B1C027E6E25300607FBE /* SpriteNode.swift */; };
		52E0B1C827E6E7A900607FBE /* MapViewModel.swift in Sources */ = {isa = PBXBuildFile; fileRef = 52E0B1C727E6E7A900607FBE /* MapViewModel.swift */; };
		52E0B1EB27EAB6B800607FBE /* GameNode.swift in Sources */ = {isa = PBXBuildFile; fileRef = 52E0B1EA27EAB6B700607FBE /* GameNode.swift */; };
		52E0B1FE27F173A500607FBE /* Explorer.swift in Sources */ = {isa = PBXBuildFile; fileRef = 52E0B1FD27F173A500607FBE /* Explorer.swift */; };
		52F623142801FA91009F202A /* UnitInfluenceSpreadStrategy.swift in Sources */ = {isa = PBXBuildFile; fileRef = 52F623132801FA91009F202A /* UnitInfluenceSpreadStrategy.swift */; };
		52F9042627F4E1AC00D1AC97 /* Unit.swift in Sources */ = {isa = PBXBuildFile; fileRef = 52F9042527F4E1AC00D1AC97 /* Unit.swift */; };
		52F9042827F4E27B00D1AC97 /* Warrior.swift in Sources */ = {isa = PBXBuildFile; fileRef = 52F9042727F4E27B00D1AC97 /* Warrior.swift */; };
		52F9042A27F4E3C600D1AC97 /* Pikemen.swift in Sources */ = {isa = PBXBuildFile; fileRef = 52F9042927F4E3C600D1AC97 /* Pikemen.swift */; };
		52F9042D27F6B54D00D1AC97 /* Db.swift in Sources */ = {isa = PBXBuildFile; fileRef = 52F9042C27F6B54D00D1AC97 /* Db.swift */; };
		52F9043027F6B5B100D1AC97 /* BaseDAO.swift in Sources */ = {isa = PBXBuildFile; fileRef = 52F9042F27F6B5B100D1AC97 /* BaseDAO.swift */; };
		52F9043727F6CF8900D1AC97 /* DbError.swift in Sources */ = {isa = PBXBuildFile; fileRef = 52F9043627F6CF8900D1AC97 /* DbError.swift */; };
		52F9043927F6D02500D1AC97 /* SqliteError.swift in Sources */ = {isa = PBXBuildFile; fileRef = 52F9043827F6D02500D1AC97 /* SqliteError.swift */; };
		52F9044427F6D68A00D1AC97 /* GameDAO.swift in Sources */ = {isa = PBXBuildFile; fileRef = 52F9044327F6D68A00D1AC97 /* GameDAO.swift */; };
		52F9044627F80B0500D1AC97 /* CommandDAO.swift in Sources */ = {isa = PBXBuildFile; fileRef = 52F9044527F80B0500D1AC97 /* CommandDAO.swift */; };
		52F9044B27F8E56200D1AC97 /* Turn.swift in Sources */ = {isa = PBXBuildFile; fileRef = 52F9044A27F8E56200D1AC97 /* Turn.swift */; };
		52F9044D27F9325300D1AC97 /* CommandType.swift in Sources */ = {isa = PBXBuildFile; fileRef = 52F9044C27F9325300D1AC97 /* CommandType.swift */; };
		52F9044F27F93A6D00D1AC97 /* Player.swift in Sources */ = {isa = PBXBuildFile; fileRef = 52F9044E27F93A6D00D1AC97 /* Player.swift */; };
		52F9045227F9F92C00D1AC97 /* Command.swift in Sources */ = {isa = PBXBuildFile; fileRef = 52F9045127F9F92C00D1AC97 /* Command.swift */; };
		52F9045427F9F9C500D1AC97 /* MoveCommand.swift in Sources */ = {isa = PBXBuildFile; fileRef = 52F9045327F9F9C500D1AC97 /* MoveCommand.swift */; };
		52F9045627F9FF6A00D1AC97 /* TechCommand.swift in Sources */ = {isa = PBXBuildFile; fileRef = 52F9045527F9FF6A00D1AC97 /* TechCommand.swift */; };
		52F9045827FA007400D1AC97 /* BuildCityCommand.swift in Sources */ = {isa = PBXBuildFile; fileRef = 52F9045727FA007400D1AC97 /* BuildCityCommand.swift */; };
		52F9045A27FA009E00D1AC97 /* BuildBuildingCommand.swift in Sources */ = {isa = PBXBuildFile; fileRef = 52F9045927FA009E00D1AC97 /* BuildBuildingCommand.swift */; };
		52F9046E27FC8B7D00D1AC97 /* MoveCommandDAO.swift in Sources */ = {isa = PBXBuildFile; fileRef = 52F9046D27FC8B7D00D1AC97 /* MoveCommandDAO.swift */; };
/* End PBXBuildFile section */

/* Begin PBXCopyFilesBuildPhase section */
		52F9B60527E6AA4C005D55E6 /* CopyFiles */ = {
			isa = PBXCopyFilesBuildPhase;
			buildActionMask = 2147483647;
			dstPath = "include/$(PRODUCT_NAME)";
			dstSubfolderSpec = 16;
			files = (
			);
			runOnlyForDeploymentPostprocessing = 0;
		};
/* End PBXCopyFilesBuildPhase section */

/* Begin PBXFileReference section */
		52605C8C2801622D0082C0DB /* InfluenceMap.swift */ = {isa = PBXFileReference; lastKnownFileType = sourcecode.swift; path = InfluenceMap.swift; sourceTree = "<group>"; };
		52605C8F2801E3B00082C0DB /* InfluenceMapStrategy.swift */ = {isa = PBXFileReference; lastKnownFileType = sourcecode.swift; path = InfluenceMapStrategy.swift; sourceTree = "<group>"; };
		52605C912801E5510082C0DB /* CityInfluenceMapStrategy.swift */ = {isa = PBXFileReference; lastKnownFileType = sourcecode.swift; path = CityInfluenceMapStrategy.swift; sourceTree = "<group>"; };
		52605C932801E9560082C0DB /* CityInfluenceSpreadStrategy.swift */ = {isa = PBXFileReference; lastKnownFileType = sourcecode.swift; path = CityInfluenceSpreadStrategy.swift; sourceTree = "<group>"; };
		52AB06FA2801FB400039B47D /* UnitInfluenceMapStrategy.swift */ = {isa = PBXFileReference; lastKnownFileType = sourcecode.swift; path = UnitInfluenceMapStrategy.swift; sourceTree = "<group>"; };
		52E0B18927E6D86A00607FBE /* Constants.swift */ = {isa = PBXFileReference; fileEncoding = 4; lastKnownFileType = sourcecode.swift; path = Constants.swift; sourceTree = "<group>"; };
		52E0B18C27E6D87600607FBE /* TiledTileset.swift */ = {isa = PBXFileReference; fileEncoding = 4; lastKnownFileType = sourcecode.swift; path = TiledTileset.swift; sourceTree = "<group>"; };
		52E0B18D27E6D87600607FBE /* TiledMapParser.swift */ = {isa = PBXFileReference; fileEncoding = 4; lastKnownFileType = sourcecode.swift; path = TiledMapParser.swift; sourceTree = "<group>"; };
		52E0B18E27E6D87600607FBE /* TiledTilesetParser.swift */ = {isa = PBXFileReference; fileEncoding = 4; lastKnownFileType = sourcecode.swift; path = TiledTilesetParser.swift; sourceTree = "<group>"; };
		52E0B18F27E6D87600607FBE /* Map.swift */ = {isa = PBXFileReference; fileEncoding = 4; lastKnownFileType = sourcecode.swift; path = Map.swift; sourceTree = "<group>"; };
		52E0B19027E6D87600607FBE /* Tile.swift */ = {isa = PBXFileReference; fileEncoding = 4; lastKnownFileType = sourcecode.swift; path = Tile.swift; sourceTree = "<group>"; };
		52E0B19927E6DFA000607FBE /* Game.swift */ = {isa = PBXFileReference; fileEncoding = 4; lastKnownFileType = sourcecode.swift; path = Game.swift; sourceTree = "<group>"; };
		52E0B19A27E6DFA000607FBE /* Energy.swift */ = {isa = PBXFileReference; fileEncoding = 4; lastKnownFileType = sourcecode.swift; path = Energy.swift; sourceTree = "<group>"; };
		52E0B19B27E6DFA000607FBE /* Builder.swift */ = {isa = PBXFileReference; fileEncoding = 4; lastKnownFileType = sourcecode.swift; path = Builder.swift; sourceTree = "<group>"; };
		52E0B19D27E6DFA100607FBE /* EntityManager.swift */ = {isa = PBXFileReference; fileEncoding = 4; lastKnownFileType = sourcecode.swift; path = EntityManager.swift; sourceTree = "<group>"; };
		52E0B1A427E6DFD000607FBE /* Gate.swift */ = {isa = PBXFileReference; fileEncoding = 4; lastKnownFileType = sourcecode.swift; path = Gate.swift; sourceTree = "<group>"; };
		52E0B1A527E6DFD000607FBE /* EnergyStorage.swift */ = {isa = PBXFileReference; fileEncoding = 4; lastKnownFileType = sourcecode.swift; path = EnergyStorage.swift; sourceTree = "<group>"; };
		52E0B1A627E6DFD000607FBE /* Shipyard.swift */ = {isa = PBXFileReference; fileEncoding = 4; lastKnownFileType = sourcecode.swift; path = Shipyard.swift; sourceTree = "<group>"; };
		52E0B1A727E6DFD000607FBE /* Wall.swift */ = {isa = PBXFileReference; fileEncoding = 4; lastKnownFileType = sourcecode.swift; path = Wall.swift; sourceTree = "<group>"; };
		52E0B1A827E6DFD000607FBE /* MineralStorage.swift */ = {isa = PBXFileReference; fileEncoding = 4; lastKnownFileType = sourcecode.swift; path = MineralStorage.swift; sourceTree = "<group>"; };
		52E0B1A927E6DFD000607FBE /* Pod.swift */ = {isa = PBXFileReference; fileEncoding = 4; lastKnownFileType = sourcecode.swift; path = Pod.swift; sourceTree = "<group>"; };
		52E0B1AA27E6DFD100607FBE /* PowerPlant.swift */ = {isa = PBXFileReference; fileEncoding = 4; lastKnownFileType = sourcecode.swift; path = PowerPlant.swift; sourceTree = "<group>"; };
		52E0B1AB27E6DFD100607FBE /* CommandCenter.swift */ = {isa = PBXFileReference; fileEncoding = 4; lastKnownFileType = sourcecode.swift; path = CommandCenter.swift; sourceTree = "<group>"; };
		52E0B1AC27E6DFD100607FBE /* ConcreteStorage.swift */ = {isa = PBXFileReference; fileEncoding = 4; lastKnownFileType = sourcecode.swift; path = ConcreteStorage.swift; sourceTree = "<group>"; };
		52E0B1AD27E6DFD100607FBE /* RadarTower.swift */ = {isa = PBXFileReference; fileEncoding = 4; lastKnownFileType = sourcecode.swift; path = RadarTower.swift; sourceTree = "<group>"; };
		52E0B1AE27E6DFD100607FBE /* Barracks.swift */ = {isa = PBXFileReference; fileEncoding = 4; lastKnownFileType = sourcecode.swift; path = Barracks.swift; sourceTree = "<group>"; };
		52E0B1BB27E6E18000607FBE /* SpriteComponent.swift */ = {isa = PBXFileReference; lastKnownFileType = sourcecode.swift; path = SpriteComponent.swift; sourceTree = "<group>"; };
		52E0B1BD27E6E1AC00607FBE /* DamageableComponent.swift */ = {isa = PBXFileReference; lastKnownFileType = sourcecode.swift; path = DamageableComponent.swift; sourceTree = "<group>"; };
		52E0B1C027E6E25300607FBE /* SpriteNode.swift */ = {isa = PBXFileReference; lastKnownFileType = sourcecode.swift; path = SpriteNode.swift; sourceTree = "<group>"; };
		52E0B1C727E6E7A900607FBE /* MapViewModel.swift */ = {isa = PBXFileReference; lastKnownFileType = sourcecode.swift; path = MapViewModel.swift; sourceTree = "<group>"; };
		52E0B1EA27EAB6B700607FBE /* GameNode.swift */ = {isa = PBXFileReference; lastKnownFileType = sourcecode.swift; path = GameNode.swift; sourceTree = "<group>"; };
		52E0B1FD27F173A500607FBE /* Explorer.swift */ = {isa = PBXFileReference; lastKnownFileType = sourcecode.swift; path = Explorer.swift; sourceTree = "<group>"; };
		52F623132801FA91009F202A /* UnitInfluenceSpreadStrategy.swift */ = {isa = PBXFileReference; lastKnownFileType = sourcecode.swift; path = UnitInfluenceSpreadStrategy.swift; sourceTree = "<group>"; };
		52F9042527F4E1AC00D1AC97 /* Unit.swift */ = {isa = PBXFileReference; lastKnownFileType = sourcecode.swift; path = Unit.swift; sourceTree = "<group>"; };
		52F9042727F4E27B00D1AC97 /* Warrior.swift */ = {isa = PBXFileReference; lastKnownFileType = sourcecode.swift; path = Warrior.swift; sourceTree = "<group>"; };
		52F9042927F4E3C600D1AC97 /* Pikemen.swift */ = {isa = PBXFileReference; lastKnownFileType = sourcecode.swift; path = Pikemen.swift; sourceTree = "<group>"; };
		52F9042C27F6B54D00D1AC97 /* Db.swift */ = {isa = PBXFileReference; lastKnownFileType = sourcecode.swift; path = Db.swift; sourceTree = "<group>"; };
		52F9042F27F6B5B100D1AC97 /* BaseDAO.swift */ = {isa = PBXFileReference; lastKnownFileType = sourcecode.swift; path = BaseDAO.swift; sourceTree = "<group>"; };
		52F9043327F6CD1100D1AC97 /* civitas.db */ = {isa = PBXFileReference; lastKnownFileType = file; path = civitas.db; sourceTree = "<group>"; };
		52F9043627F6CF8900D1AC97 /* DbError.swift */ = {isa = PBXFileReference; lastKnownFileType = sourcecode.swift; path = DbError.swift; sourceTree = "<group>"; };
		52F9043827F6D02500D1AC97 /* SqliteError.swift */ = {isa = PBXFileReference; lastKnownFileType = sourcecode.swift; path = SqliteError.swift; sourceTree = "<group>"; };
		52F9044327F6D68A00D1AC97 /* GameDAO.swift */ = {isa = PBXFileReference; lastKnownFileType = sourcecode.swift; path = GameDAO.swift; sourceTree = "<group>"; };
		52F9044527F80B0500D1AC97 /* CommandDAO.swift */ = {isa = PBXFileReference; lastKnownFileType = sourcecode.swift; path = CommandDAO.swift; sourceTree = "<group>"; };
		52F9044A27F8E56200D1AC97 /* Turn.swift */ = {isa = PBXFileReference; lastKnownFileType = sourcecode.swift; path = Turn.swift; sourceTree = "<group>"; };
		52F9044C27F9325300D1AC97 /* CommandType.swift */ = {isa = PBXFileReference; lastKnownFileType = sourcecode.swift; path = CommandType.swift; sourceTree = "<group>"; };
		52F9044E27F93A6D00D1AC97 /* Player.swift */ = {isa = PBXFileReference; lastKnownFileType = sourcecode.swift; path = Player.swift; sourceTree = "<group>"; };
		52F9045127F9F92C00D1AC97 /* Command.swift */ = {isa = PBXFileReference; lastKnownFileType = sourcecode.swift; path = Command.swift; sourceTree = "<group>"; };
		52F9045327F9F9C500D1AC97 /* MoveCommand.swift */ = {isa = PBXFileReference; lastKnownFileType = sourcecode.swift; path = MoveCommand.swift; sourceTree = "<group>"; };
		52F9045527F9FF6A00D1AC97 /* TechCommand.swift */ = {isa = PBXFileReference; lastKnownFileType = sourcecode.swift; path = TechCommand.swift; sourceTree = "<group>"; };
		52F9045727FA007400D1AC97 /* BuildCityCommand.swift */ = {isa = PBXFileReference; lastKnownFileType = sourcecode.swift; path = BuildCityCommand.swift; sourceTree = "<group>"; };
		52F9045927FA009E00D1AC97 /* BuildBuildingCommand.swift */ = {isa = PBXFileReference; lastKnownFileType = sourcecode.swift; path = BuildBuildingCommand.swift; sourceTree = "<group>"; };
		52F9046D27FC8B7D00D1AC97 /* MoveCommandDAO.swift */ = {isa = PBXFileReference; lastKnownFileType = sourcecode.swift; path = MoveCommandDAO.swift; sourceTree = "<group>"; };
		52F9B60727E6AA4C005D55E6 /* libAstral One Engine.a */ = {isa = PBXFileReference; explicitFileType = archive.ar; includeInIndex = 0; path = "libAstral One Engine.a"; sourceTree = BUILT_PRODUCTS_DIR; };
/* End PBXFileReference section */

/* Begin PBXFrameworksBuildPhase section */
		52F9B60427E6AA4C005D55E6 /* Frameworks */ = {
			isa = PBXFrameworksBuildPhase;
			buildActionMask = 2147483647;
			files = (
			);
			runOnlyForDeploymentPostprocessing = 0;
		};
/* End PBXFrameworksBuildPhase section */

/* Begin PBXGroup section */
		52605C8828014FF90082C0DB /* Core */ = {
			isa = PBXGroup;
			children = (
				52605C8E2801E37E0082C0DB /* Influence Maps */,
				52E0B18927E6D86A00607FBE /* Constants.swift */,
				52E0B19927E6DFA000607FBE /* Game.swift */,
				52E0B1EA27EAB6B700607FBE /* GameNode.swift */,
				52605C8C2801622D0082C0DB /* InfluenceMap.swift */,
				52E0B18F27E6D87600607FBE /* Map.swift */,
				52E0B19027E6D87600607FBE /* Tile.swift */,
				52F9044A27F8E56200D1AC97 /* Turn.swift */,
			);
			path = Core;
			sourceTree = "<group>";
		};
		52605C8E2801E37E0082C0DB /* Influence Maps */ = {
			isa = PBXGroup;
			children = (
				52605C8F2801E3B00082C0DB /* InfluenceMapStrategy.swift */,
				52605C912801E5510082C0DB /* CityInfluenceMapStrategy.swift */,
				52605C932801E9560082C0DB /* CityInfluenceSpreadStrategy.swift */,
				52F623132801FA91009F202A /* UnitInfluenceSpreadStrategy.swift */,
				52AB06FA2801FB400039B47D /* UnitInfluenceMapStrategy.swift */,
			);
			path = "Influence Maps";
			sourceTree = "<group>";
		};
		52E0B18B27E6D87600607FBE /* IO */ = {
			isa = PBXGroup;
			children = (
				52E0B18C27E6D87600607FBE /* TiledTileset.swift */,
				52E0B18D27E6D87600607FBE /* TiledMapParser.swift */,
				52E0B18E27E6D87600607FBE /* TiledTilesetParser.swift */,
			);
			path = IO;
			sourceTree = "<group>";
		};
		52E0B19827E6DF8600607FBE /* Entities */ = {
			isa = PBXGroup;
			children = (
				52E0B1A327E6DFAB00607FBE /* Buildings */,
				52E0B1FC27F1734000607FBE /* Units */,
				52E0B19A27E6DFA000607FBE /* Energy.swift */,
				52E0B19D27E6DFA100607FBE /* EntityManager.swift */,
			);
			path = Entities;
			sourceTree = "<group>";
		};
		52E0B1A327E6DFAB00607FBE /* Buildings */ = {
			isa = PBXGroup;
			children = (
				52E0B1AE27E6DFD100607FBE /* Barracks.swift */,
				52E0B1AB27E6DFD100607FBE /* CommandCenter.swift */,
				52E0B1AC27E6DFD100607FBE /* ConcreteStorage.swift */,
				52E0B1A527E6DFD000607FBE /* EnergyStorage.swift */,
				52E0B1A427E6DFD000607FBE /* Gate.swift */,
				52E0B1A827E6DFD000607FBE /* MineralStorage.swift */,
				52E0B1A927E6DFD000607FBE /* Pod.swift */,
				52E0B1AA27E6DFD100607FBE /* PowerPlant.swift */,
				52E0B1AD27E6DFD100607FBE /* RadarTower.swift */,
				52E0B1A627E6DFD000607FBE /* Shipyard.swift */,
				52E0B1A727E6DFD000607FBE /* Wall.swift */,
			);
			path = Buildings;
			sourceTree = "<group>";
		};
		52E0B1BA27E6E15500607FBE /* Components */ = {
			isa = PBXGroup;
			children = (
				52E0B1BB27E6E18000607FBE /* SpriteComponent.swift */,
				52E0B1BD27E6E1AC00607FBE /* DamageableComponent.swift */,
			);
			path = Components;
			sourceTree = "<group>";
		};
		52E0B1BF27E6E1F300607FBE /* Extensions */ = {
			isa = PBXGroup;
			children = (
				52E0B1C027E6E25300607FBE /* SpriteNode.swift */,
			);
			path = Extensions;
			sourceTree = "<group>";
		};
		52E0B1C627E6E76D00607FBE /* View Models */ = {
			isa = PBXGroup;
			children = (
				52E0B1C727E6E7A900607FBE /* MapViewModel.swift */,
			);
			path = "View Models";
			sourceTree = "<group>";
		};
		52E0B1FC27F1734000607FBE /* Units */ = {
			isa = PBXGroup;
			children = (
				52E0B19B27E6DFA000607FBE /* Builder.swift */,
				52E0B1FD27F173A500607FBE /* Explorer.swift */,
				52F9042527F4E1AC00D1AC97 /* Unit.swift */,
				52F9042727F4E27B00D1AC97 /* Warrior.swift */,
				52F9042927F4E3C600D1AC97 /* Pikemen.swift */,
			);
			path = Units;
			sourceTree = "<group>";
		};
		52F9042B27F6B4AB00D1AC97 /* Data Access Layer */ = {
			isa = PBXGroup;
			children = (
				52F9042E27F6B56200D1AC97 /* Data Access Objects */,
				52F9042C27F6B54D00D1AC97 /* Db.swift */,
				52F9043627F6CF8900D1AC97 /* DbError.swift */,
				52F9043827F6D02500D1AC97 /* SqliteError.swift */,
			);
			path = "Data Access Layer";
			sourceTree = "<group>";
		};
		52F9042E27F6B56200D1AC97 /* Data Access Objects */ = {
			isa = PBXGroup;
			children = (
				52F9046F27FC8B8800D1AC97 /* Commands */,
				52F9042F27F6B5B100D1AC97 /* BaseDAO.swift */,
				52F9044327F6D68A00D1AC97 /* GameDAO.swift */,
			);
			path = "Data Access Objects";
			sourceTree = "<group>";
		};
		52F9043127F6B62B00D1AC97 /* Resources */ = {
			isa = PBXGroup;
			children = (
				52F9043227F6B65200D1AC97 /* Data */,
			);
			path = Resources;
			sourceTree = "<group>";
		};
		52F9043227F6B65200D1AC97 /* Data */ = {
			isa = PBXGroup;
			children = (
				52F9043327F6CD1100D1AC97 /* civitas.db */,
			);
			path = Data;
			sourceTree = "<group>";
		};
		52F9044727F80BA000D1AC97 /* Log */ = {
			isa = PBXGroup;
			children = (
				52F9044E27F93A6D00D1AC97 /* Player.swift */,
			);
			path = Log;
			sourceTree = "<group>";
		};
		52F9045027F9F8CF00D1AC97 /* Commands */ = {
			isa = PBXGroup;
			children = (
				52F9045127F9F92C00D1AC97 /* Command.swift */,
				52F9044C27F9325300D1AC97 /* CommandType.swift */,
				52F9045327F9F9C500D1AC97 /* MoveCommand.swift */,
				52F9045527F9FF6A00D1AC97 /* TechCommand.swift */,
				52F9045727FA007400D1AC97 /* BuildCityCommand.swift */,
				52F9045927FA009E00D1AC97 /* BuildBuildingCommand.swift */,
			);
			path = Commands;
			sourceTree = "<group>";
		};
		52F9046F27FC8B8800D1AC97 /* Commands */ = {
			isa = PBXGroup;
			children = (
				52F9044527F80B0500D1AC97 /* CommandDAO.swift */,
				52F9046D27FC8B7D00D1AC97 /* MoveCommandDAO.swift */,
			);
			path = Commands;
			sourceTree = "<group>";
		};
		52F9B5FE27E6AA4C005D55E6 = {
			isa = PBXGroup;
			children = (
				52F9B60927E6AA4C005D55E6 /* Astral One Engine */,
				52F9B60827E6AA4C005D55E6 /* Products */,
			);
			sourceTree = "<group>";
		};
		52F9B60827E6AA4C005D55E6 /* Products */ = {
			isa = PBXGroup;
			children = (
				52F9B60727E6AA4C005D55E6 /* libAstral One Engine.a */,
			);
			name = Products;
			sourceTree = "<group>";
		};
		52F9B60927E6AA4C005D55E6 /* Astral One Engine */ = {
			isa = PBXGroup;
			children = (
				52605C8828014FF90082C0DB /* Core */,
				52F9043127F6B62B00D1AC97 /* Resources */,
				52F9045027F9F8CF00D1AC97 /* Commands */,
				52F9042B27F6B4AB00D1AC97 /* Data Access Layer */,
				52E0B1BA27E6E15500607FBE /* Components */,
				52E0B19827E6DF8600607FBE /* Entities */,
				52E0B1BF27E6E1F300607FBE /* Extensions */,
				52E0B18B27E6D87600607FBE /* IO */,
				52F9044727F80BA000D1AC97 /* Log */,
				52E0B1C627E6E76D00607FBE /* View Models */,
			);
			path = "Astral One Engine";
			sourceTree = "<group>";
		};
/* End PBXGroup section */

/* Begin PBXNativeTarget section */
		52F9B60627E6AA4C005D55E6 /* Astral One Engine */ = {
			isa = PBXNativeTarget;
			buildConfigurationList = 52F9B60E27E6AA4C005D55E6 /* Build configuration list for PBXNativeTarget "Astral One Engine" */;
			buildPhases = (
				52F9B60327E6AA4C005D55E6 /* Sources */,
				52F9B60427E6AA4C005D55E6 /* Frameworks */,
				52F9B60527E6AA4C005D55E6 /* CopyFiles */,
			);
			buildRules = (
			);
			dependencies = (
			);
			name = "Astral One Engine";
			productName = "Astral One Engine";
			productReference = 52F9B60727E6AA4C005D55E6 /* libAstral One Engine.a */;
			productType = "com.apple.product-type.library.static";
		};
/* End PBXNativeTarget section */

/* Begin PBXProject section */
		52F9B5FF27E6AA4C005D55E6 /* Project object */ = {
			isa = PBXProject;
			attributes = {
				BuildIndependentTargetsInParallel = 1;
				LastSwiftUpdateCheck = 1330;
				LastUpgradeCheck = 1320;
				TargetAttributes = {
					52F9B60627E6AA4C005D55E6 = {
						CreatedOnToolsVersion = 13.2.1;
					};
				};
			};
			buildConfigurationList = 52F9B60227E6AA4C005D55E6 /* Build configuration list for PBXProject "Astral One Engine" */;
			compatibilityVersion = "Xcode 13.0";
			developmentRegion = en;
			hasScannedForEncodings = 0;
			knownRegions = (
				en,
				Base,
			);
			mainGroup = 52F9B5FE27E6AA4C005D55E6;
			productRefGroup = 52F9B60827E6AA4C005D55E6 /* Products */;
			projectDirPath = "";
			projectRoot = "";
			targets = (
				52F9B60627E6AA4C005D55E6 /* Astral One Engine */,
			);
		};
/* End PBXProject section */

/* Begin PBXSourcesBuildPhase section */
		52F9B60327E6AA4C005D55E6 /* Sources */ = {
			isa = PBXSourcesBuildPhase;
			buildActionMask = 2147483647;
			files = (
				52E0B1A227E6DFA100607FBE /* EntityManager.swift in Sources */,
				52E0B19227E6D87600607FBE /* TiledMapParser.swift in Sources */,
				52E0B1FE27F173A500607FBE /* Explorer.swift in Sources */,
				52E0B1BE27E6E1AC00607FBE /* DamageableComponent.swift in Sources */,
				52E0B19F27E6DFA100607FBE /* Energy.swift in Sources */,
				52F9042627F4E1AC00D1AC97 /* Unit.swift in Sources */,
				52F9042827F4E27B00D1AC97 /* Warrior.swift in Sources */,
				52F9042A27F4E3C600D1AC97 /* Pikemen.swift in Sources */,
				52F9044627F80B0500D1AC97 /* CommandDAO.swift in Sources */,
				52605C942801E9560082C0DB /* CityInfluenceSpreadStrategy.swift in Sources */,
				52E0B19127E6D87600607FBE /* TiledTileset.swift in Sources */,
				52AB06FB2801FB400039B47D /* UnitInfluenceMapStrategy.swift in Sources */,
				52F9042D27F6B54D00D1AC97 /* Db.swift in Sources */,
				52E0B1B427E6DFD100607FBE /* Pod.swift in Sources */,
				52605C922801E5510082C0DB /* CityInfluenceMapStrategy.swift in Sources */,
				52E0B1B827E6DFD100607FBE /* RadarTower.swift in Sources */,
				52F9044D27F9325300D1AC97 /* CommandType.swift in Sources */,
				52E0B1C127E6E25300607FBE /* SpriteNode.swift in Sources */,
				52F9043927F6D02500D1AC97 /* SqliteError.swift in Sources */,
				52F9045427F9F9C500D1AC97 /* MoveCommand.swift in Sources */,
				52E0B1B927E6DFD100607FBE /* Barracks.swift in Sources */,
				52E0B19E27E6DFA100607FBE /* Game.swift in Sources */,
				52F9045227F9F92C00D1AC97 /* Command.swift in Sources */,
				52E0B19527E6D87600607FBE /* Tile.swift in Sources */,
				52E0B1A027E6DFA100607FBE /* Builder.swift in Sources */,
				52F9044427F6D68A00D1AC97 /* GameDAO.swift in Sources */,
				52F9045627F9FF6A00D1AC97 /* TechCommand.swift in Sources */,
				52605C8D2801622D0082C0DB /* InfluenceMap.swift in Sources */,
				52E0B1B227E6DFD100607FBE /* Wall.swift in Sources */,
				52E0B1B127E6DFD100607FBE /* Shipyard.swift in Sources */,
				52E0B19327E6D87600607FBE /* TiledTilesetParser.swift in Sources */,
				52E0B19427E6D87600607FBE /* Map.swift in Sources */,
				52F623142801FA91009F202A /* UnitInfluenceSpreadStrategy.swift in Sources */,
				52F9046E27FC8B7D00D1AC97 /* MoveCommandDAO.swift in Sources */,
				52F9043727F6CF8900D1AC97 /* DbError.swift in Sources */,
				52E0B1C827E6E7A900607FBE /* MapViewModel.swift in Sources */,
				52F9045A27FA009E00D1AC97 /* BuildBuildingCommand.swift in Sources */,
				52F9043027F6B5B100D1AC97 /* BaseDAO.swift in Sources */,
				52E0B1B327E6DFD100607FBE /* MineralStorage.swift in Sources */,
				52F9045827FA007400D1AC97 /* BuildCityCommand.swift in Sources */,
				52E0B1B027E6DFD100607FBE /* EnergyStorage.swift in Sources */,
				52605C902801E3B00082C0DB /* InfluenceMapStrategy.swift in Sources */,
				52F9044F27F93A6D00D1AC97 /* Player.swift in Sources */,
				52F9044B27F8E56200D1AC97 /* Turn.swift in Sources */,
				52E0B1B527E6DFD100607FBE /* PowerPlant.swift in Sources */,
				52E0B1BC27E6E18000607FBE /* SpriteComponent.swift in Sources */,
				52E0B1B727E6DFD100607FBE /* ConcreteStorage.swift in Sources */,
				52E0B1EB27EAB6B800607FBE /* GameNode.swift in Sources */,
				52E0B1B627E6DFD100607FBE /* CommandCenter.swift in Sources */,
				52E0B1AF27E6DFD100607FBE /* Gate.swift in Sources */,
				52E0B18A27E6D86A00607FBE /* Constants.swift in Sources */,
			);
			runOnlyForDeploymentPostprocessing = 0;
		};
/* End PBXSourcesBuildPhase section */

/* Begin XCBuildConfiguration section */
		52F9B60C27E6AA4C005D55E6 /* Debug */ = {
			isa = XCBuildConfiguration;
			buildSettings = {
				ALWAYS_SEARCH_USER_PATHS = NO;
				CLANG_ANALYZER_NONNULL = YES;
				CLANG_ANALYZER_NUMBER_OBJECT_CONVERSION = YES_AGGRESSIVE;
				CLANG_CXX_LANGUAGE_STANDARD = "gnu++17";
				CLANG_CXX_LIBRARY = "libc++";
				CLANG_ENABLE_MODULES = YES;
				CLANG_ENABLE_OBJC_ARC = YES;
				CLANG_ENABLE_OBJC_WEAK = YES;
				CLANG_WARN_BLOCK_CAPTURE_AUTORELEASING = YES;
				CLANG_WARN_BOOL_CONVERSION = YES;
				CLANG_WARN_COMMA = YES;
				CLANG_WARN_CONSTANT_CONVERSION = YES;
				CLANG_WARN_DEPRECATED_OBJC_IMPLEMENTATIONS = YES;
				CLANG_WARN_DIRECT_OBJC_ISA_USAGE = YES_ERROR;
				CLANG_WARN_DOCUMENTATION_COMMENTS = YES;
				CLANG_WARN_EMPTY_BODY = YES;
				CLANG_WARN_ENUM_CONVERSION = YES;
				CLANG_WARN_INFINITE_RECURSION = YES;
				CLANG_WARN_INT_CONVERSION = YES;
				CLANG_WARN_NON_LITERAL_NULL_CONVERSION = YES;
				CLANG_WARN_OBJC_IMPLICIT_RETAIN_SELF = YES;
				CLANG_WARN_OBJC_LITERAL_CONVERSION = YES;
				CLANG_WARN_OBJC_ROOT_CLASS = YES_ERROR;
				CLANG_WARN_QUOTED_INCLUDE_IN_FRAMEWORK_HEADER = YES;
				CLANG_WARN_RANGE_LOOP_ANALYSIS = YES;
				CLANG_WARN_STRICT_PROTOTYPES = YES;
				CLANG_WARN_SUSPICIOUS_MOVE = YES;
				CLANG_WARN_UNGUARDED_AVAILABILITY = YES_AGGRESSIVE;
				CLANG_WARN_UNREACHABLE_CODE = YES;
				CLANG_WARN__DUPLICATE_METHOD_MATCH = YES;
				COPY_PHASE_STRIP = NO;
				DEBUG_INFORMATION_FORMAT = dwarf;
				ENABLE_STRICT_OBJC_MSGSEND = YES;
				ENABLE_TESTABILITY = YES;
				GCC_C_LANGUAGE_STANDARD = gnu11;
				GCC_DYNAMIC_NO_PIC = NO;
				GCC_NO_COMMON_BLOCKS = YES;
				GCC_OPTIMIZATION_LEVEL = 0;
				GCC_PREPROCESSOR_DEFINITIONS = (
					"DEBUG=1",
					"$(inherited)",
				);
				GCC_WARN_64_TO_32_BIT_CONVERSION = YES;
				GCC_WARN_ABOUT_RETURN_TYPE = YES_ERROR;
				GCC_WARN_UNDECLARED_SELECTOR = YES;
				GCC_WARN_UNINITIALIZED_AUTOS = YES_AGGRESSIVE;
				GCC_WARN_UNUSED_FUNCTION = YES;
				GCC_WARN_UNUSED_VARIABLE = YES;
				IPHONEOS_DEPLOYMENT_TARGET = 15.4;
				MTL_ENABLE_DEBUG_INFO = INCLUDE_SOURCE;
				MTL_FAST_MATH = YES;
				ONLY_ACTIVE_ARCH = YES;
				SDKROOT = iphoneos;
				SWIFT_ACTIVE_COMPILATION_CONDITIONS = DEBUG;
				SWIFT_OPTIMIZATION_LEVEL = "-Onone";
			};
			name = Debug;
		};
		52F9B60D27E6AA4C005D55E6 /* Release */ = {
			isa = XCBuildConfiguration;
			buildSettings = {
				ALWAYS_SEARCH_USER_PATHS = NO;
				CLANG_ANALYZER_NONNULL = YES;
				CLANG_ANALYZER_NUMBER_OBJECT_CONVERSION = YES_AGGRESSIVE;
				CLANG_CXX_LANGUAGE_STANDARD = "gnu++17";
				CLANG_CXX_LIBRARY = "libc++";
				CLANG_ENABLE_MODULES = YES;
				CLANG_ENABLE_OBJC_ARC = YES;
				CLANG_ENABLE_OBJC_WEAK = YES;
				CLANG_WARN_BLOCK_CAPTURE_AUTORELEASING = YES;
				CLANG_WARN_BOOL_CONVERSION = YES;
				CLANG_WARN_COMMA = YES;
				CLANG_WARN_CONSTANT_CONVERSION = YES;
				CLANG_WARN_DEPRECATED_OBJC_IMPLEMENTATIONS = YES;
				CLANG_WARN_DIRECT_OBJC_ISA_USAGE = YES_ERROR;
				CLANG_WARN_DOCUMENTATION_COMMENTS = YES;
				CLANG_WARN_EMPTY_BODY = YES;
				CLANG_WARN_ENUM_CONVERSION = YES;
				CLANG_WARN_INFINITE_RECURSION = YES;
				CLANG_WARN_INT_CONVERSION = YES;
				CLANG_WARN_NON_LITERAL_NULL_CONVERSION = YES;
				CLANG_WARN_OBJC_IMPLICIT_RETAIN_SELF = YES;
				CLANG_WARN_OBJC_LITERAL_CONVERSION = YES;
				CLANG_WARN_OBJC_ROOT_CLASS = YES_ERROR;
				CLANG_WARN_QUOTED_INCLUDE_IN_FRAMEWORK_HEADER = YES;
				CLANG_WARN_RANGE_LOOP_ANALYSIS = YES;
				CLANG_WARN_STRICT_PROTOTYPES = YES;
				CLANG_WARN_SUSPICIOUS_MOVE = YES;
				CLANG_WARN_UNGUARDED_AVAILABILITY = YES_AGGRESSIVE;
				CLANG_WARN_UNREACHABLE_CODE = YES;
				CLANG_WARN__DUPLICATE_METHOD_MATCH = YES;
				COPY_PHASE_STRIP = NO;
				DEBUG_INFORMATION_FORMAT = "dwarf-with-dsym";
				ENABLE_NS_ASSERTIONS = NO;
				ENABLE_STRICT_OBJC_MSGSEND = YES;
				GCC_C_LANGUAGE_STANDARD = gnu11;
				GCC_NO_COMMON_BLOCKS = YES;
				GCC_WARN_64_TO_32_BIT_CONVERSION = YES;
				GCC_WARN_ABOUT_RETURN_TYPE = YES_ERROR;
				GCC_WARN_UNDECLARED_SELECTOR = YES;
				GCC_WARN_UNINITIALIZED_AUTOS = YES_AGGRESSIVE;
				GCC_WARN_UNUSED_FUNCTION = YES;
				GCC_WARN_UNUSED_VARIABLE = YES;
				IPHONEOS_DEPLOYMENT_TARGET = 15.4;
				MTL_ENABLE_DEBUG_INFO = NO;
				MTL_FAST_MATH = YES;
				SDKROOT = iphoneos;
				SWIFT_COMPILATION_MODE = wholemodule;
				SWIFT_OPTIMIZATION_LEVEL = "-O";
				VALIDATE_PRODUCT = YES;
			};
			name = Release;
		};
		52F9B60F27E6AA4C005D55E6 /* Debug */ = {
			isa = XCBuildConfiguration;
			buildSettings = {
				CODE_SIGN_STYLE = Automatic;
				DEVELOPMENT_TEAM = SNJW4KBXLV;
				OTHER_LDFLAGS = "-ObjC";
				PRODUCT_NAME = "$(TARGET_NAME)";
				SKIP_INSTALL = YES;
				SWIFT_VERSION = 5.0;
				TARGETED_DEVICE_FAMILY = "1,2";
			};
			name = Debug;
		};
		52F9B61027E6AA4C005D55E6 /* Release */ = {
			isa = XCBuildConfiguration;
			buildSettings = {
				CODE_SIGN_STYLE = Automatic;
				DEVELOPMENT_TEAM = SNJW4KBXLV;
				OTHER_LDFLAGS = "-ObjC";
				PRODUCT_NAME = "$(TARGET_NAME)";
				SKIP_INSTALL = YES;
				SWIFT_VERSION = 5.0;
				TARGETED_DEVICE_FAMILY = "1,2";
			};
			name = Release;
		};
/* End XCBuildConfiguration section */

/* Begin XCConfigurationList section */
		52F9B60227E6AA4C005D55E6 /* Build configuration list for PBXProject "Astral One Engine" */ = {
			isa = XCConfigurationList;
			buildConfigurations = (
				52F9B60C27E6AA4C005D55E6 /* Debug */,
				52F9B60D27E6AA4C005D55E6 /* Release */,
			);
			defaultConfigurationIsVisible = 0;
			defaultConfigurationName = Release;
		};
		52F9B60E27E6AA4C005D55E6 /* Build configuration list for PBXNativeTarget "Astral One Engine" */ = {
			isa = XCConfigurationList;
			buildConfigurations = (
				52F9B60F27E6AA4C005D55E6 /* Debug */,
				52F9B61027E6AA4C005D55E6 /* Release */,
			);
			defaultConfigurationIsVisible = 0;
			defaultConfigurationName = Release;
		};
/* End XCConfigurationList section */
	};
	rootObject = 52F9B5FF27E6AA4C005D55E6 /* Project object */;
}
