// !$*UTF8*$!
{
	archiveVersion = 1;
	classes = {
	};
	objectVersion = 55;
	objects = {

/* Begin PBXBuildFile section */
		52012F602803A77A008388F6 /* Founder.swift in Sources */ = {isa = PBXBuildFile; fileRef = 52012F5F2803A77A008388F6 /* Founder.swift */; };
		521F21A02803F88400F1D61D /* Infantry2.swift in Sources */ = {isa = PBXBuildFile; fileRef = 521F219F2803F88400F1D61D /* Infantry2.swift */; };
		521F21A22803F89A00F1D61D /* Infantry3.swift in Sources */ = {isa = PBXBuildFile; fileRef = 521F21A12803F89A00F1D61D /* Infantry3.swift */; };
		521F21A42803F8A900F1D61D /* Infantry4.swift in Sources */ = {isa = PBXBuildFile; fileRef = 521F21A32803F8A900F1D61D /* Infantry4.swift */; };
		521F21A62803F8BB00F1D61D /* Infantry5.swift in Sources */ = {isa = PBXBuildFile; fileRef = 521F21A52803F8BB00F1D61D /* Infantry5.swift */; };
		521F21A92803F8F100F1D61D /* Artillery1.swift in Sources */ = {isa = PBXBuildFile; fileRef = 521F21A82803F8F100F1D61D /* Artillery1.swift */; };
		521F21AB2803F91200F1D61D /* Artillery2.swift in Sources */ = {isa = PBXBuildFile; fileRef = 521F21AA2803F91200F1D61D /* Artillery2.swift */; };
		521F21AD2803F92300F1D61D /* Artillery3.swift in Sources */ = {isa = PBXBuildFile; fileRef = 521F21AC2803F92300F1D61D /* Artillery3.swift */; };
		521F21AF2803F92F00F1D61D /* Artillery4.swift in Sources */ = {isa = PBXBuildFile; fileRef = 521F21AE2803F92F00F1D61D /* Artillery4.swift */; };
		521F21B328047F7600F1D61D /* Trade1.swift in Sources */ = {isa = PBXBuildFile; fileRef = 521F21B228047F7600F1D61D /* Trade1.swift */; };
		521F21B528047F8000F1D61D /* Trade2.swift in Sources */ = {isa = PBXBuildFile; fileRef = 521F21B428047F8000F1D61D /* Trade2.swift */; };
		521F21B7280480E600F1D61D /* Paratrooper.swift in Sources */ = {isa = PBXBuildFile; fileRef = 521F21B6280480E600F1D61D /* Paratrooper.swift */; };
		521F21B9280480FC00F1D61D /* Air1.swift in Sources */ = {isa = PBXBuildFile; fileRef = 521F21B8280480FC00F1D61D /* Air1.swift */; };
		521F21BB2804810700F1D61D /* Air2.swift in Sources */ = {isa = PBXBuildFile; fileRef = 521F21BA2804810700F1D61D /* Air2.swift */; };
		521F21BD2804811200F1D61D /* Air3.swift in Sources */ = {isa = PBXBuildFile; fileRef = 521F21BC2804811200F1D61D /* Air3.swift */; };
		521F21BF2804811C00F1D61D /* Air4.swift in Sources */ = {isa = PBXBuildFile; fileRef = 521F21BE2804811C00F1D61D /* Air4.swift */; };
		521F21C12804812600F1D61D /* Air5.swift in Sources */ = {isa = PBXBuildFile; fileRef = 521F21C02804812600F1D61D /* Air5.swift */; };
		521F21D12806980600F1D61D /* UnitType.swift in Sources */ = {isa = PBXBuildFile; fileRef = 521F21D02806980600F1D61D /* UnitType.swift */; };
		521F21D42806985800F1D61D /* TerrainType.swift in Sources */ = {isa = PBXBuildFile; fileRef = 521F21D32806985800F1D61D /* TerrainType.swift */; };
		521F21D72806996100F1D61D /* Tile.swift in Sources */ = {isa = PBXBuildFile; fileRef = 521F21D62806996100F1D61D /* Tile.swift */; };
		521F21E32807115100F1D61D /* Terrain.swift in Sources */ = {isa = PBXBuildFile; fileRef = 521F21E22807115100F1D61D /* Terrain.swift */; };
		521F21E52807123D00F1D61D /* TerrainFactory.swift in Sources */ = {isa = PBXBuildFile; fileRef = 521F21E42807123D00F1D61D /* TerrainFactory.swift */; };
		521F21E7280740E000F1D61D /* MovementModifier.swift in Sources */ = {isa = PBXBuildFile; fileRef = 521F21E6280740E000F1D61D /* MovementModifier.swift */; };
		521F21F12808F6DF00F1D61D /* GridGraph.swift in Sources */ = {isa = PBXBuildFile; fileRef = 521F21F02808F6DF00F1D61D /* GridGraph.swift */; };
		521F21F32808F78C00F1D61D /* ValueNode.swift in Sources */ = {isa = PBXBuildFile; fileRef = 521F21F22808F78C00F1D61D /* ValueNode.swift */; };
		52605C902801E3B00082C0DB /* InfluenceMapCalculator.swift in Sources */ = {isa = PBXBuildFile; fileRef = 52605C8F2801E3B00082C0DB /* InfluenceMapCalculator.swift */; };
		52668162282302790089D0DD /* Fanatic.swift in Sources */ = {isa = PBXBuildFile; fileRef = 52668161282302790089D0DD /* Fanatic.swift */; };
		526681642823029E0089D0DD /* Diplomat.swift in Sources */ = {isa = PBXBuildFile; fileRef = 526681632823029E0089D0DD /* Diplomat.swift */; };
		526681662823043B0089D0DD /* AlpineTroop.swift in Sources */ = {isa = PBXBuildFile; fileRef = 526681652823043B0089D0DD /* AlpineTroop.swift */; };
		52668168282315580089D0DD /* Spy.swift in Sources */ = {isa = PBXBuildFile; fileRef = 52668167282315580089D0DD /* Spy.swift */; };
		5266816A282315670089D0DD /* Partisan.swift in Sources */ = {isa = PBXBuildFile; fileRef = 52668169282315670089D0DD /* Partisan.swift */; };
		5266816C282315760089D0DD /* Crusader.swift in Sources */ = {isa = PBXBuildFile; fileRef = 5266816B282315760089D0DD /* Crusader.swift */; };
		5266816E28233D0D0089D0DD /* CruiseMissile.swift in Sources */ = {isa = PBXBuildFile; fileRef = 5266816D28233D0D0089D0DD /* CruiseMissile.swift */; };
		5266817028233D600089D0DD /* NuclearMissile.swift in Sources */ = {isa = PBXBuildFile; fileRef = 5266816F28233D600089D0DD /* NuclearMissile.swift */; };
		527A0D85280F6884006B9D9F /* MapError.swift in Sources */ = {isa = PBXBuildFile; fileRef = 527A0D84280F6884006B9D9F /* MapError.swift */; };
		5293BC26280A4947001DE2F3 /* Queue.swift in Sources */ = {isa = PBXBuildFile; fileRef = 5293BC25280A4947001DE2F3 /* Queue.swift */; };
		5293BC28280B6A86001DE2F3 /* Cavalry7.swift in Sources */ = {isa = PBXBuildFile; fileRef = 5293BC27280B6A86001DE2F3 /* Cavalry7.swift */; };
		5293BC2C280DD55A001DE2F3 /* TerrainDAO.swift in Sources */ = {isa = PBXBuildFile; fileRef = 5293BC2B280DD55A001DE2F3 /* TerrainDAO.swift */; };
		52AB06FB2801FB400039B47D /* UnitInfluenceMapCalculator.swift in Sources */ = {isa = PBXBuildFile; fileRef = 52AB06FA2801FB400039B47D /* UnitInfluenceMapCalculator.swift */; };
		52AB0748280287580039B47D /* City.swift in Sources */ = {isa = PBXBuildFile; fileRef = 52AB0747280287580039B47D /* City.swift */; };
		52DE5F32281086A40029EFE1 /* UnitFactory.swift in Sources */ = {isa = PBXBuildFile; fileRef = 52DE5F31281086A40029EFE1 /* UnitFactory.swift */; };
		52DE5F342810DAB90029EFE1 /* MapDAO.swift in Sources */ = {isa = PBXBuildFile; fileRef = 52DE5F332810DAB90029EFE1 /* MapDAO.swift */; };
		52DE5F3C281249EC0029EFE1 /* UnitDAO.swift in Sources */ = {isa = PBXBuildFile; fileRef = 52DE5F3B281249EC0029EFE1 /* UnitDAO.swift */; };
		52DE5F3E281251930029EFE1 /* MapView.swift in Sources */ = {isa = PBXBuildFile; fileRef = 52DE5F3D281251930029EFE1 /* MapView.swift */; };
		52DE5F792818D7060029EFE1 /* MapPosition.swift in Sources */ = {isa = PBXBuildFile; fileRef = 52DE5F782818D7060029EFE1 /* MapPosition.swift */; };
		52DE5F7B2818E40E0029EFE1 /* ContextMenu.swift in Sources */ = {isa = PBXBuildFile; fileRef = 52DE5F7A2818E40E0029EFE1 /* ContextMenu.swift */; };
		52DE5F7D281BA5750029EFE1 /* UnitNode.swift in Sources */ = {isa = PBXBuildFile; fileRef = 52DE5F7C281BA5750029EFE1 /* UnitNode.swift */; };
		52DE5F7F281C6A010029EFE1 /* CityCreator.swift in Sources */ = {isa = PBXBuildFile; fileRef = 52DE5F7E281C6A010029EFE1 /* CityCreator.swift */; };
		52DE5F81281C6DB60029EFE1 /* Player.swift in Sources */ = {isa = PBXBuildFile; fileRef = 52DE5F80281C6DB60029EFE1 /* Player.swift */; };
		52DE5F83281C78450029EFE1 /* FounderContextMenu.swift in Sources */ = {isa = PBXBuildFile; fileRef = 52DE5F82281C78450029EFE1 /* FounderContextMenu.swift */; };
		52DE5F85281CAD230029EFE1 /* FounderNode.swift in Sources */ = {isa = PBXBuildFile; fileRef = 52DE5F84281CAD230029EFE1 /* FounderNode.swift */; };
		52DE5F89281CFF4E0029EFE1 /* Naval4.swift in Sources */ = {isa = PBXBuildFile; fileRef = 52DE5F88281CFF4E0029EFE1 /* Naval4.swift */; };
		52DE5F8B281D01B40029EFE1 /* Cavalry3.swift in Sources */ = {isa = PBXBuildFile; fileRef = 52DE5F8A281D01B40029EFE1 /* Cavalry3.swift */; };
		52DE5F8D281E06F50029EFE1 /* Naval1.swift in Sources */ = {isa = PBXBuildFile; fileRef = 52DE5F8C281E06F50029EFE1 /* Naval1.swift */; };
		52DE5F8F281E072C0029EFE1 /* Naval2.swift in Sources */ = {isa = PBXBuildFile; fileRef = 52DE5F8E281E072C0029EFE1 /* Naval2.swift */; };
		52DE5F91281E075A0029EFE1 /* Naval3.swift in Sources */ = {isa = PBXBuildFile; fileRef = 52DE5F90281E075A0029EFE1 /* Naval3.swift */; };
		52DE5F93281E07F60029EFE1 /* Naval5.swift in Sources */ = {isa = PBXBuildFile; fileRef = 52DE5F92281E07F60029EFE1 /* Naval5.swift */; };
		52DE5F95281E08140029EFE1 /* Naval6.swift in Sources */ = {isa = PBXBuildFile; fileRef = 52DE5F94281E08140029EFE1 /* Naval6.swift */; };
		52DE5F97281E085A0029EFE1 /* Naval7.swift in Sources */ = {isa = PBXBuildFile; fileRef = 52DE5F96281E085A0029EFE1 /* Naval7.swift */; };
		52DE5F99281E093E0029EFE1 /* Submarine.swift in Sources */ = {isa = PBXBuildFile; fileRef = 52DE5F98281E093E0029EFE1 /* Submarine.swift */; };
		52DE5F9B281E0CC80029EFE1 /* NavalTransport.swift in Sources */ = {isa = PBXBuildFile; fileRef = 52DE5F9A281E0CC80029EFE1 /* NavalTransport.swift */; };
		52DE5F9D281E0F3A0029EFE1 /* Naval8.swift in Sources */ = {isa = PBXBuildFile; fileRef = 52DE5F9C281E0F3A0029EFE1 /* Naval8.swift */; };
		52DE5F9F281E0F4F0029EFE1 /* Naval9.swift in Sources */ = {isa = PBXBuildFile; fileRef = 52DE5F9E281E0F4F0029EFE1 /* Naval9.swift */; };
		52DE5FA1281E32AC0029EFE1 /* AircraftCarrier.swift in Sources */ = {isa = PBXBuildFile; fileRef = 52DE5FA0281E32AC0029EFE1 /* AircraftCarrier.swift */; };
		52DE5FA3281EE3DB0029EFE1 /* Infantry7.swift in Sources */ = {isa = PBXBuildFile; fileRef = 52DE5FA2281EE3DB0029EFE1 /* Infantry7.swift */; };
		52DE5FA5281EE3EB0029EFE1 /* Infantry8.swift in Sources */ = {isa = PBXBuildFile; fileRef = 52DE5FA4281EE3EB0029EFE1 /* Infantry8.swift */; };
		52DE5FA7281EEAB30029EFE1 /* Cavalry1.swift in Sources */ = {isa = PBXBuildFile; fileRef = 52DE5FA6281EEAB30029EFE1 /* Cavalry1.swift */; };
		52DE5FA9281EEAF50029EFE1 /* Cavalry2.swift in Sources */ = {isa = PBXBuildFile; fileRef = 52DE5FA8281EEAF50029EFE1 /* Cavalry2.swift */; };
		52DE5FAB281EEB130029EFE1 /* Cavalry4.swift in Sources */ = {isa = PBXBuildFile; fileRef = 52DE5FAA281EEB130029EFE1 /* Cavalry4.swift */; };
		52DE5FAD281EEB6B0029EFE1 /* Cavalry5.swift in Sources */ = {isa = PBXBuildFile; fileRef = 52DE5FAC281EEB6B0029EFE1 /* Cavalry5.swift */; };
		52DE5FAF281EEC360029EFE1 /* Cavalry6.swift in Sources */ = {isa = PBXBuildFile; fileRef = 52DE5FAE281EEC360029EFE1 /* Cavalry6.swift */; };
		52DE5FB1281EEE3F0029EFE1 /* Cavalry8.swift in Sources */ = {isa = PBXBuildFile; fileRef = 52DE5FB0281EEE3F0029EFE1 /* Cavalry8.swift */; };
		52DE5FB52820EC570029EFE1 /* CityDAO.swift in Sources */ = {isa = PBXBuildFile; fileRef = 52DE5FB42820EC570029EFE1 /* CityDAO.swift */; };
		52DE5FB72820F1480029EFE1 /* CityNode.swift in Sources */ = {isa = PBXBuildFile; fileRef = 52DE5FB62820F1480029EFE1 /* CityNode.swift */; };
		52DE5FB928217F070029EFE1 /* Engineer.swift in Sources */ = {isa = PBXBuildFile; fileRef = 52DE5FB828217F070029EFE1 /* Engineer.swift */; };
		52DE5FBB2822E6CC0029EFE1 /* Marine.swift in Sources */ = {isa = PBXBuildFile; fileRef = 52DE5FBA2822E6CC0029EFE1 /* Marine.swift */; };
		52E0B18A27E6D86A00607FBE /* Constants.swift in Sources */ = {isa = PBXBuildFile; fileRef = 52E0B18927E6D86A00607FBE /* Constants.swift */; };
		52E0B19127E6D87600607FBE /* TiledTileset.swift in Sources */ = {isa = PBXBuildFile; fileRef = 52E0B18C27E6D87600607FBE /* TiledTileset.swift */; };
		52E0B19227E6D87600607FBE /* TiledMapParser.swift in Sources */ = {isa = PBXBuildFile; fileRef = 52E0B18D27E6D87600607FBE /* TiledMapParser.swift */; };
		52E0B19327E6D87600607FBE /* TiledTilesetParser.swift in Sources */ = {isa = PBXBuildFile; fileRef = 52E0B18E27E6D87600607FBE /* TiledTilesetParser.swift */; };
		52E0B19427E6D87600607FBE /* Map.swift in Sources */ = {isa = PBXBuildFile; fileRef = 52E0B18F27E6D87600607FBE /* Map.swift */; };
		52E0B19527E6D87600607FBE /* Tile2.swift in Sources */ = {isa = PBXBuildFile; fileRef = 52E0B19027E6D87600607FBE /* Tile2.swift */; };
		52E0B19E27E6DFA100607FBE /* Game.swift in Sources */ = {isa = PBXBuildFile; fileRef = 52E0B19927E6DFA000607FBE /* Game.swift */; };
		52E0B1A227E6DFA100607FBE /* EntityManager.swift in Sources */ = {isa = PBXBuildFile; fileRef = 52E0B19D27E6DFA100607FBE /* EntityManager.swift */; };
		52E0B1AF27E6DFD100607FBE /* Gate.swift in Sources */ = {isa = PBXBuildFile; fileRef = 52E0B1A427E6DFD000607FBE /* Gate.swift */; };
		52E0B1B027E6DFD100607FBE /* EnergyStorage.swift in Sources */ = {isa = PBXBuildFile; fileRef = 52E0B1A527E6DFD000607FBE /* EnergyStorage.swift */; };
		52E0B1B127E6DFD100607FBE /* Shipyard.swift in Sources */ = {isa = PBXBuildFile; fileRef = 52E0B1A627E6DFD000607FBE /* Shipyard.swift */; };
		52E0B1B227E6DFD100607FBE /* Wall.swift in Sources */ = {isa = PBXBuildFile; fileRef = 52E0B1A727E6DFD000607FBE /* Wall.swift */; };
		52E0B1B327E6DFD100607FBE /* MineralStorage.swift in Sources */ = {isa = PBXBuildFile; fileRef = 52E0B1A827E6DFD000607FBE /* MineralStorage.swift */; };
		52E0B1B427E6DFD100607FBE /* Pod.swift in Sources */ = {isa = PBXBuildFile; fileRef = 52E0B1A927E6DFD000607FBE /* Pod.swift */; };
		52E0B1B527E6DFD100607FBE /* PowerPlant.swift in Sources */ = {isa = PBXBuildFile; fileRef = 52E0B1AA27E6DFD100607FBE /* PowerPlant.swift */; };
		52E0B1B627E6DFD100607FBE /* CommandCenter.swift in Sources */ = {isa = PBXBuildFile; fileRef = 52E0B1AB27E6DFD100607FBE /* CommandCenter.swift */; };
		52E0B1B727E6DFD100607FBE /* ConcreteStorage.swift in Sources */ = {isa = PBXBuildFile; fileRef = 52E0B1AC27E6DFD100607FBE /* ConcreteStorage.swift */; };
		52E0B1B827E6DFD100607FBE /* RadarTower.swift in Sources */ = {isa = PBXBuildFile; fileRef = 52E0B1AD27E6DFD100607FBE /* RadarTower.swift */; };
		52E0B1B927E6DFD100607FBE /* Barracks.swift in Sources */ = {isa = PBXBuildFile; fileRef = 52E0B1AE27E6DFD100607FBE /* Barracks.swift */; };
		52E0B1BC27E6E18000607FBE /* SpriteComponent.swift in Sources */ = {isa = PBXBuildFile; fileRef = 52E0B1BB27E6E18000607FBE /* SpriteComponent.swift */; };
		52E0B1BE27E6E1AC00607FBE /* DamageableComponent.swift in Sources */ = {isa = PBXBuildFile; fileRef = 52E0B1BD27E6E1AC00607FBE /* DamageableComponent.swift */; };
		52E0B1C127E6E25300607FBE /* SpriteNode.swift in Sources */ = {isa = PBXBuildFile; fileRef = 52E0B1C027E6E25300607FBE /* SpriteNode.swift */; };
		52E0B1C827E6E7A900607FBE /* MapViewModel.swift in Sources */ = {isa = PBXBuildFile; fileRef = 52E0B1C727E6E7A900607FBE /* MapViewModel.swift */; };
		52E0B1EB27EAB6B800607FBE /* GameNode.swift in Sources */ = {isa = PBXBuildFile; fileRef = 52E0B1EA27EAB6B700607FBE /* GameNode.swift */; };
		52E0B1FE27F173A500607FBE /* Explorer.swift in Sources */ = {isa = PBXBuildFile; fileRef = 52E0B1FD27F173A500607FBE /* Explorer.swift */; };
		52F9042627F4E1AC00D1AC97 /* Unit.swift in Sources */ = {isa = PBXBuildFile; fileRef = 52F9042527F4E1AC00D1AC97 /* Unit.swift */; };
		52F9042827F4E27B00D1AC97 /* Infantry1.swift in Sources */ = {isa = PBXBuildFile; fileRef = 52F9042727F4E27B00D1AC97 /* Infantry1.swift */; };
		52F9042A27F4E3C600D1AC97 /* Infantry6.swift in Sources */ = {isa = PBXBuildFile; fileRef = 52F9042927F4E3C600D1AC97 /* Infantry6.swift */; };
		52F9042D27F6B54D00D1AC97 /* Db.swift in Sources */ = {isa = PBXBuildFile; fileRef = 52F9042C27F6B54D00D1AC97 /* Db.swift */; };
		52F9043027F6B5B100D1AC97 /* BaseDAO.swift in Sources */ = {isa = PBXBuildFile; fileRef = 52F9042F27F6B5B100D1AC97 /* BaseDAO.swift */; };
		52F9043727F6CF8900D1AC97 /* DbError.swift in Sources */ = {isa = PBXBuildFile; fileRef = 52F9043627F6CF8900D1AC97 /* DbError.swift */; };
		52F9043927F6D02500D1AC97 /* SqliteError.swift in Sources */ = {isa = PBXBuildFile; fileRef = 52F9043827F6D02500D1AC97 /* SqliteError.swift */; };
		52F9044427F6D68A00D1AC97 /* GameDAO.swift in Sources */ = {isa = PBXBuildFile; fileRef = 52F9044327F6D68A00D1AC97 /* GameDAO.swift */; };
		52F9044627F80B0500D1AC97 /* CommandDAO.swift in Sources */ = {isa = PBXBuildFile; fileRef = 52F9044527F80B0500D1AC97 /* CommandDAO.swift */; };
		52F9044B27F8E56200D1AC97 /* Turn.swift in Sources */ = {isa = PBXBuildFile; fileRef = 52F9044A27F8E56200D1AC97 /* Turn.swift */; };
		52F9044D27F9325300D1AC97 /* CommandType.swift in Sources */ = {isa = PBXBuildFile; fileRef = 52F9044C27F9325300D1AC97 /* CommandType.swift */; };
		52F9045227F9F92C00D1AC97 /* Command.swift in Sources */ = {isa = PBXBuildFile; fileRef = 52F9045127F9F92C00D1AC97 /* Command.swift */; };
		52F9045427F9F9C500D1AC97 /* MoveCommand.swift in Sources */ = {isa = PBXBuildFile; fileRef = 52F9045327F9F9C500D1AC97 /* MoveCommand.swift */; };
		52F9045627F9FF6A00D1AC97 /* TechCommand.swift in Sources */ = {isa = PBXBuildFile; fileRef = 52F9045527F9FF6A00D1AC97 /* TechCommand.swift */; };
		52F9045827FA007400D1AC97 /* BuildCityCommand.swift in Sources */ = {isa = PBXBuildFile; fileRef = 52F9045727FA007400D1AC97 /* BuildCityCommand.swift */; };
		52F9045A27FA009E00D1AC97 /* BuildBuildingCommand.swift in Sources */ = {isa = PBXBuildFile; fileRef = 52F9045927FA009E00D1AC97 /* BuildBuildingCommand.swift */; };
		52F9046E27FC8B7D00D1AC97 /* MoveCommandDAO.swift in Sources */ = {isa = PBXBuildFile; fileRef = 52F9046D27FC8B7D00D1AC97 /* MoveCommandDAO.swift */; };
/* End PBXBuildFile section */

/* Begin PBXCopyFilesBuildPhase section */
		52F9B60527E6AA4C005D55E6 /* CopyFiles */ = {
			isa = PBXCopyFilesBuildPhase;
			buildActionMask = 2147483647;
			dstPath = "include/$(PRODUCT_NAME)";
			dstSubfolderSpec = 16;
			files = (
			);
			runOnlyForDeploymentPostprocessing = 0;
		};
/* End PBXCopyFilesBuildPhase section */

/* Begin PBXFileReference section */
		52012F5F2803A77A008388F6 /* Founder.swift */ = {isa = PBXFileReference; lastKnownFileType = sourcecode.swift; path = Founder.swift; sourceTree = "<group>"; };
		521F219F2803F88400F1D61D /* Infantry2.swift */ = {isa = PBXFileReference; lastKnownFileType = sourcecode.swift; path = Infantry2.swift; sourceTree = "<group>"; };
		521F21A12803F89A00F1D61D /* Infantry3.swift */ = {isa = PBXFileReference; lastKnownFileType = sourcecode.swift; path = Infantry3.swift; sourceTree = "<group>"; };
		521F21A32803F8A900F1D61D /* Infantry4.swift */ = {isa = PBXFileReference; lastKnownFileType = sourcecode.swift; path = Infantry4.swift; sourceTree = "<group>"; };
		521F21A52803F8BB00F1D61D /* Infantry5.swift */ = {isa = PBXFileReference; lastKnownFileType = sourcecode.swift; path = Infantry5.swift; sourceTree = "<group>"; };
		521F21A82803F8F100F1D61D /* Artillery1.swift */ = {isa = PBXFileReference; lastKnownFileType = sourcecode.swift; path = Artillery1.swift; sourceTree = "<group>"; };
		521F21AA2803F91200F1D61D /* Artillery2.swift */ = {isa = PBXFileReference; lastKnownFileType = sourcecode.swift; path = Artillery2.swift; sourceTree = "<group>"; };
		521F21AC2803F92300F1D61D /* Artillery3.swift */ = {isa = PBXFileReference; lastKnownFileType = sourcecode.swift; path = Artillery3.swift; sourceTree = "<group>"; };
		521F21AE2803F92F00F1D61D /* Artillery4.swift */ = {isa = PBXFileReference; lastKnownFileType = sourcecode.swift; path = Artillery4.swift; sourceTree = "<group>"; };
		521F21B228047F7600F1D61D /* Trade1.swift */ = {isa = PBXFileReference; lastKnownFileType = sourcecode.swift; path = Trade1.swift; sourceTree = "<group>"; };
		521F21B428047F8000F1D61D /* Trade2.swift */ = {isa = PBXFileReference; lastKnownFileType = sourcecode.swift; path = Trade2.swift; sourceTree = "<group>"; };
		521F21B6280480E600F1D61D /* Paratrooper.swift */ = {isa = PBXFileReference; lastKnownFileType = sourcecode.swift; path = Paratrooper.swift; sourceTree = "<group>"; };
		521F21B8280480FC00F1D61D /* Air1.swift */ = {isa = PBXFileReference; lastKnownFileType = sourcecode.swift; path = Air1.swift; sourceTree = "<group>"; };
		521F21BA2804810700F1D61D /* Air2.swift */ = {isa = PBXFileReference; lastKnownFileType = sourcecode.swift; path = Air2.swift; sourceTree = "<group>"; };
		521F21BC2804811200F1D61D /* Air3.swift */ = {isa = PBXFileReference; lastKnownFileType = sourcecode.swift; path = Air3.swift; sourceTree = "<group>"; };
		521F21BE2804811C00F1D61D /* Air4.swift */ = {isa = PBXFileReference; lastKnownFileType = sourcecode.swift; path = Air4.swift; sourceTree = "<group>"; };
		521F21C02804812600F1D61D /* Air5.swift */ = {isa = PBXFileReference; lastKnownFileType = sourcecode.swift; path = Air5.swift; sourceTree = "<group>"; };
		521F21D02806980600F1D61D /* UnitType.swift */ = {isa = PBXFileReference; lastKnownFileType = sourcecode.swift; path = UnitType.swift; sourceTree = "<group>"; };
		521F21D32806985800F1D61D /* TerrainType.swift */ = {isa = PBXFileReference; lastKnownFileType = sourcecode.swift; path = TerrainType.swift; sourceTree = "<group>"; };
		521F21D62806996100F1D61D /* Tile.swift */ = {isa = PBXFileReference; lastKnownFileType = sourcecode.swift; path = Tile.swift; sourceTree = "<group>"; };
		521F21E22807115100F1D61D /* Terrain.swift */ = {isa = PBXFileReference; lastKnownFileType = sourcecode.swift; path = Terrain.swift; sourceTree = "<group>"; };
		521F21E42807123D00F1D61D /* TerrainFactory.swift */ = {isa = PBXFileReference; lastKnownFileType = sourcecode.swift; path = TerrainFactory.swift; sourceTree = "<group>"; };
		521F21E6280740E000F1D61D /* MovementModifier.swift */ = {isa = PBXFileReference; lastKnownFileType = sourcecode.swift; path = MovementModifier.swift; sourceTree = "<group>"; };
		521F21F02808F6DF00F1D61D /* GridGraph.swift */ = {isa = PBXFileReference; lastKnownFileType = sourcecode.swift; path = GridGraph.swift; sourceTree = "<group>"; };
		521F21F22808F78C00F1D61D /* ValueNode.swift */ = {isa = PBXFileReference; lastKnownFileType = sourcecode.swift; path = ValueNode.swift; sourceTree = "<group>"; };
		52605C8F2801E3B00082C0DB /* InfluenceMapCalculator.swift */ = {isa = PBXFileReference; lastKnownFileType = sourcecode.swift; path = InfluenceMapCalculator.swift; sourceTree = "<group>"; };
		52668161282302790089D0DD /* Fanatic.swift */ = {isa = PBXFileReference; lastKnownFileType = sourcecode.swift; path = Fanatic.swift; sourceTree = "<group>"; };
		526681632823029E0089D0DD /* Diplomat.swift */ = {isa = PBXFileReference; lastKnownFileType = sourcecode.swift; path = Diplomat.swift; sourceTree = "<group>"; };
		526681652823043B0089D0DD /* AlpineTroop.swift */ = {isa = PBXFileReference; lastKnownFileType = sourcecode.swift; path = AlpineTroop.swift; sourceTree = "<group>"; };
		52668167282315580089D0DD /* Spy.swift */ = {isa = PBXFileReference; lastKnownFileType = sourcecode.swift; path = Spy.swift; sourceTree = "<group>"; };
		52668169282315670089D0DD /* Partisan.swift */ = {isa = PBXFileReference; lastKnownFileType = sourcecode.swift; path = Partisan.swift; sourceTree = "<group>"; };
		5266816B282315760089D0DD /* Crusader.swift */ = {isa = PBXFileReference; lastKnownFileType = sourcecode.swift; path = Crusader.swift; sourceTree = "<group>"; };
		5266816D28233D0D0089D0DD /* CruiseMissile.swift */ = {isa = PBXFileReference; lastKnownFileType = sourcecode.swift; path = CruiseMissile.swift; sourceTree = "<group>"; };
		5266816F28233D600089D0DD /* NuclearMissile.swift */ = {isa = PBXFileReference; lastKnownFileType = sourcecode.swift; path = NuclearMissile.swift; sourceTree = "<group>"; };
		527A0D84280F6884006B9D9F /* MapError.swift */ = {isa = PBXFileReference; lastKnownFileType = sourcecode.swift; path = MapError.swift; sourceTree = "<group>"; };
		5293BC25280A4947001DE2F3 /* Queue.swift */ = {isa = PBXFileReference; lastKnownFileType = sourcecode.swift; path = Queue.swift; sourceTree = "<group>"; };
		5293BC27280B6A86001DE2F3 /* Cavalry7.swift */ = {isa = PBXFileReference; lastKnownFileType = sourcecode.swift; path = Cavalry7.swift; sourceTree = "<group>"; };
		5293BC2B280DD55A001DE2F3 /* TerrainDAO.swift */ = {isa = PBXFileReference; lastKnownFileType = sourcecode.swift; path = TerrainDAO.swift; sourceTree = "<group>"; };
		52AB06FA2801FB400039B47D /* UnitInfluenceMapCalculator.swift */ = {isa = PBXFileReference; lastKnownFileType = sourcecode.swift; path = UnitInfluenceMapCalculator.swift; sourceTree = "<group>"; };
		52AB0747280287580039B47D /* City.swift */ = {isa = PBXFileReference; lastKnownFileType = sourcecode.swift; path = City.swift; sourceTree = "<group>"; };
		52DE5F31281086A40029EFE1 /* UnitFactory.swift */ = {isa = PBXFileReference; lastKnownFileType = sourcecode.swift; path = UnitFactory.swift; sourceTree = "<group>"; };
		52DE5F332810DAB90029EFE1 /* MapDAO.swift */ = {isa = PBXFileReference; lastKnownFileType = sourcecode.swift; path = MapDAO.swift; sourceTree = "<group>"; };
		52DE5F3B281249EC0029EFE1 /* UnitDAO.swift */ = {isa = PBXFileReference; lastKnownFileType = sourcecode.swift; path = UnitDAO.swift; sourceTree = "<group>"; };
		52DE5F3D281251930029EFE1 /* MapView.swift */ = {isa = PBXFileReference; lastKnownFileType = sourcecode.swift; path = MapView.swift; sourceTree = "<group>"; };
		52DE5F782818D7060029EFE1 /* MapPosition.swift */ = {isa = PBXFileReference; lastKnownFileType = sourcecode.swift; path = MapPosition.swift; sourceTree = "<group>"; };
		52DE5F7A2818E40E0029EFE1 /* ContextMenu.swift */ = {isa = PBXFileReference; lastKnownFileType = sourcecode.swift; path = ContextMenu.swift; sourceTree = "<group>"; };
		52DE5F7C281BA5750029EFE1 /* UnitNode.swift */ = {isa = PBXFileReference; lastKnownFileType = sourcecode.swift; path = UnitNode.swift; sourceTree = "<group>"; };
		52DE5F7E281C6A010029EFE1 /* CityCreator.swift */ = {isa = PBXFileReference; lastKnownFileType = sourcecode.swift; path = CityCreator.swift; sourceTree = "<group>"; };
		52DE5F80281C6DB60029EFE1 /* Player.swift */ = {isa = PBXFileReference; lastKnownFileType = sourcecode.swift; path = Player.swift; sourceTree = "<group>"; };
		52DE5F82281C78450029EFE1 /* FounderContextMenu.swift */ = {isa = PBXFileReference; lastKnownFileType = sourcecode.swift; path = FounderContextMenu.swift; sourceTree = "<group>"; };
		52DE5F84281CAD230029EFE1 /* FounderNode.swift */ = {isa = PBXFileReference; lastKnownFileType = sourcecode.swift; path = FounderNode.swift; sourceTree = "<group>"; };
		52DE5F88281CFF4E0029EFE1 /* Naval4.swift */ = {isa = PBXFileReference; lastKnownFileType = sourcecode.swift; path = Naval4.swift; sourceTree = "<group>"; };
		52DE5F8A281D01B40029EFE1 /* Cavalry3.swift */ = {isa = PBXFileReference; lastKnownFileType = sourcecode.swift; path = Cavalry3.swift; sourceTree = "<group>"; };
		52DE5F8C281E06F50029EFE1 /* Naval1.swift */ = {isa = PBXFileReference; lastKnownFileType = sourcecode.swift; path = Naval1.swift; sourceTree = "<group>"; };
		52DE5F8E281E072C0029EFE1 /* Naval2.swift */ = {isa = PBXFileReference; lastKnownFileType = sourcecode.swift; path = Naval2.swift; sourceTree = "<group>"; };
		52DE5F90281E075A0029EFE1 /* Naval3.swift */ = {isa = PBXFileReference; lastKnownFileType = sourcecode.swift; path = Naval3.swift; sourceTree = "<group>"; };
		52DE5F92281E07F60029EFE1 /* Naval5.swift */ = {isa = PBXFileReference; lastKnownFileType = sourcecode.swift; path = Naval5.swift; sourceTree = "<group>"; };
		52DE5F94281E08140029EFE1 /* Naval6.swift */ = {isa = PBXFileReference; lastKnownFileType = sourcecode.swift; path = Naval6.swift; sourceTree = "<group>"; };
		52DE5F96281E085A0029EFE1 /* Naval7.swift */ = {isa = PBXFileReference; lastKnownFileType = sourcecode.swift; path = Naval7.swift; sourceTree = "<group>"; };
		52DE5F98281E093E0029EFE1 /* Submarine.swift */ = {isa = PBXFileReference; lastKnownFileType = sourcecode.swift; path = Submarine.swift; sourceTree = "<group>"; };
		52DE5F9A281E0CC80029EFE1 /* NavalTransport.swift */ = {isa = PBXFileReference; lastKnownFileType = sourcecode.swift; path = NavalTransport.swift; sourceTree = "<group>"; };
		52DE5F9C281E0F3A0029EFE1 /* Naval8.swift */ = {isa = PBXFileReference; lastKnownFileType = sourcecode.swift; path = Naval8.swift; sourceTree = "<group>"; };
		52DE5F9E281E0F4F0029EFE1 /* Naval9.swift */ = {isa = PBXFileReference; lastKnownFileType = sourcecode.swift; path = Naval9.swift; sourceTree = "<group>"; };
		52DE5FA0281E32AC0029EFE1 /* AircraftCarrier.swift */ = {isa = PBXFileReference; lastKnownFileType = sourcecode.swift; path = AircraftCarrier.swift; sourceTree = "<group>"; };
		52DE5FA2281EE3DB0029EFE1 /* Infantry7.swift */ = {isa = PBXFileReference; lastKnownFileType = sourcecode.swift; path = Infantry7.swift; sourceTree = "<group>"; };
		52DE5FA4281EE3EB0029EFE1 /* Infantry8.swift */ = {isa = PBXFileReference; lastKnownFileType = sourcecode.swift; path = Infantry8.swift; sourceTree = "<group>"; };
		52DE5FA6281EEAB30029EFE1 /* Cavalry1.swift */ = {isa = PBXFileReference; lastKnownFileType = sourcecode.swift; path = Cavalry1.swift; sourceTree = "<group>"; };
		52DE5FA8281EEAF50029EFE1 /* Cavalry2.swift */ = {isa = PBXFileReference; lastKnownFileType = sourcecode.swift; path = Cavalry2.swift; sourceTree = "<group>"; };
		52DE5FAA281EEB130029EFE1 /* Cavalry4.swift */ = {isa = PBXFileReference; lastKnownFileType = sourcecode.swift; path = Cavalry4.swift; sourceTree = "<group>"; };
		52DE5FAC281EEB6B0029EFE1 /* Cavalry5.swift */ = {isa = PBXFileReference; lastKnownFileType = sourcecode.swift; path = Cavalry5.swift; sourceTree = "<group>"; };
		52DE5FAE281EEC360029EFE1 /* Cavalry6.swift */ = {isa = PBXFileReference; lastKnownFileType = sourcecode.swift; path = Cavalry6.swift; sourceTree = "<group>"; };
		52DE5FB0281EEE3F0029EFE1 /* Cavalry8.swift */ = {isa = PBXFileReference; lastKnownFileType = sourcecode.swift; path = Cavalry8.swift; sourceTree = "<group>"; };
		52DE5FB42820EC570029EFE1 /* CityDAO.swift */ = {isa = PBXFileReference; lastKnownFileType = sourcecode.swift; path = CityDAO.swift; sourceTree = "<group>"; };
		52DE5FB62820F1480029EFE1 /* CityNode.swift */ = {isa = PBXFileReference; lastKnownFileType = sourcecode.swift; path = CityNode.swift; sourceTree = "<group>"; };
		52DE5FB828217F070029EFE1 /* Engineer.swift */ = {isa = PBXFileReference; lastKnownFileType = sourcecode.swift; path = Engineer.swift; sourceTree = "<group>"; };
		52DE5FBA2822E6CC0029EFE1 /* Marine.swift */ = {isa = PBXFileReference; lastKnownFileType = sourcecode.swift; path = Marine.swift; sourceTree = "<group>"; };
		52E0B18927E6D86A00607FBE /* Constants.swift */ = {isa = PBXFileReference; fileEncoding = 4; lastKnownFileType = sourcecode.swift; path = Constants.swift; sourceTree = "<group>"; };
		52E0B18C27E6D87600607FBE /* TiledTileset.swift */ = {isa = PBXFileReference; fileEncoding = 4; lastKnownFileType = sourcecode.swift; path = TiledTileset.swift; sourceTree = "<group>"; };
		52E0B18D27E6D87600607FBE /* TiledMapParser.swift */ = {isa = PBXFileReference; fileEncoding = 4; lastKnownFileType = sourcecode.swift; path = TiledMapParser.swift; sourceTree = "<group>"; };
		52E0B18E27E6D87600607FBE /* TiledTilesetParser.swift */ = {isa = PBXFileReference; fileEncoding = 4; lastKnownFileType = sourcecode.swift; path = TiledTilesetParser.swift; sourceTree = "<group>"; };
		52E0B18F27E6D87600607FBE /* Map.swift */ = {isa = PBXFileReference; fileEncoding = 4; lastKnownFileType = sourcecode.swift; path = Map.swift; sourceTree = "<group>"; };
		52E0B19027E6D87600607FBE /* Tile2.swift */ = {isa = PBXFileReference; fileEncoding = 4; lastKnownFileType = sourcecode.swift; path = Tile2.swift; sourceTree = "<group>"; };
		52E0B19927E6DFA000607FBE /* Game.swift */ = {isa = PBXFileReference; fileEncoding = 4; lastKnownFileType = sourcecode.swift; path = Game.swift; sourceTree = "<group>"; };
		52E0B19D27E6DFA100607FBE /* EntityManager.swift */ = {isa = PBXFileReference; fileEncoding = 4; lastKnownFileType = sourcecode.swift; path = EntityManager.swift; sourceTree = "<group>"; };
		52E0B1A427E6DFD000607FBE /* Gate.swift */ = {isa = PBXFileReference; fileEncoding = 4; lastKnownFileType = sourcecode.swift; path = Gate.swift; sourceTree = "<group>"; };
		52E0B1A527E6DFD000607FBE /* EnergyStorage.swift */ = {isa = PBXFileReference; fileEncoding = 4; lastKnownFileType = sourcecode.swift; path = EnergyStorage.swift; sourceTree = "<group>"; };
		52E0B1A627E6DFD000607FBE /* Shipyard.swift */ = {isa = PBXFileReference; fileEncoding = 4; lastKnownFileType = sourcecode.swift; path = Shipyard.swift; sourceTree = "<group>"; };
		52E0B1A727E6DFD000607FBE /* Wall.swift */ = {isa = PBXFileReference; fileEncoding = 4; lastKnownFileType = sourcecode.swift; path = Wall.swift; sourceTree = "<group>"; };
		52E0B1A827E6DFD000607FBE /* MineralStorage.swift */ = {isa = PBXFileReference; fileEncoding = 4; lastKnownFileType = sourcecode.swift; path = MineralStorage.swift; sourceTree = "<group>"; };
		52E0B1A927E6DFD000607FBE /* Pod.swift */ = {isa = PBXFileReference; fileEncoding = 4; lastKnownFileType = sourcecode.swift; path = Pod.swift; sourceTree = "<group>"; };
		52E0B1AA27E6DFD100607FBE /* PowerPlant.swift */ = {isa = PBXFileReference; fileEncoding = 4; lastKnownFileType = sourcecode.swift; path = PowerPlant.swift; sourceTree = "<group>"; };
		52E0B1AB27E6DFD100607FBE /* CommandCenter.swift */ = {isa = PBXFileReference; fileEncoding = 4; lastKnownFileType = sourcecode.swift; path = CommandCenter.swift; sourceTree = "<group>"; };
		52E0B1AC27E6DFD100607FBE /* ConcreteStorage.swift */ = {isa = PBXFileReference; fileEncoding = 4; lastKnownFileType = sourcecode.swift; path = ConcreteStorage.swift; sourceTree = "<group>"; };
		52E0B1AD27E6DFD100607FBE /* RadarTower.swift */ = {isa = PBXFileReference; fileEncoding = 4; lastKnownFileType = sourcecode.swift; path = RadarTower.swift; sourceTree = "<group>"; };
		52E0B1AE27E6DFD100607FBE /* Barracks.swift */ = {isa = PBXFileReference; fileEncoding = 4; lastKnownFileType = sourcecode.swift; path = Barracks.swift; sourceTree = "<group>"; };
		52E0B1BB27E6E18000607FBE /* SpriteComponent.swift */ = {isa = PBXFileReference; lastKnownFileType = sourcecode.swift; path = SpriteComponent.swift; sourceTree = "<group>"; };
		52E0B1BD27E6E1AC00607FBE /* DamageableComponent.swift */ = {isa = PBXFileReference; lastKnownFileType = sourcecode.swift; path = DamageableComponent.swift; sourceTree = "<group>"; };
		52E0B1C027E6E25300607FBE /* SpriteNode.swift */ = {isa = PBXFileReference; lastKnownFileType = sourcecode.swift; path = SpriteNode.swift; sourceTree = "<group>"; };
		52E0B1C727E6E7A900607FBE /* MapViewModel.swift */ = {isa = PBXFileReference; lastKnownFileType = sourcecode.swift; path = MapViewModel.swift; sourceTree = "<group>"; };
		52E0B1EA27EAB6B700607FBE /* GameNode.swift */ = {isa = PBXFileReference; lastKnownFileType = sourcecode.swift; path = GameNode.swift; sourceTree = "<group>"; };
		52E0B1FD27F173A500607FBE /* Explorer.swift */ = {isa = PBXFileReference; lastKnownFileType = sourcecode.swift; path = Explorer.swift; sourceTree = "<group>"; };
		52F9042527F4E1AC00D1AC97 /* Unit.swift */ = {isa = PBXFileReference; lastKnownFileType = sourcecode.swift; path = Unit.swift; sourceTree = "<group>"; };
		52F9042727F4E27B00D1AC97 /* Infantry1.swift */ = {isa = PBXFileReference; lastKnownFileType = sourcecode.swift; path = Infantry1.swift; sourceTree = "<group>"; };
		52F9042927F4E3C600D1AC97 /* Infantry6.swift */ = {isa = PBXFileReference; lastKnownFileType = sourcecode.swift; path = Infantry6.swift; sourceTree = "<group>"; };
		52F9042C27F6B54D00D1AC97 /* Db.swift */ = {isa = PBXFileReference; lastKnownFileType = sourcecode.swift; path = Db.swift; sourceTree = "<group>"; };
		52F9042F27F6B5B100D1AC97 /* BaseDAO.swift */ = {isa = PBXFileReference; lastKnownFileType = sourcecode.swift; path = BaseDAO.swift; sourceTree = "<group>"; };
		52F9043327F6CD1100D1AC97 /* civitas.db */ = {isa = PBXFileReference; lastKnownFileType = file; path = civitas.db; sourceTree = "<group>"; };
		52F9043627F6CF8900D1AC97 /* DbError.swift */ = {isa = PBXFileReference; lastKnownFileType = sourcecode.swift; path = DbError.swift; sourceTree = "<group>"; };
		52F9043827F6D02500D1AC97 /* SqliteError.swift */ = {isa = PBXFileReference; lastKnownFileType = sourcecode.swift; path = SqliteError.swift; sourceTree = "<group>"; };
		52F9044327F6D68A00D1AC97 /* GameDAO.swift */ = {isa = PBXFileReference; lastKnownFileType = sourcecode.swift; path = GameDAO.swift; sourceTree = "<group>"; };
		52F9044527F80B0500D1AC97 /* CommandDAO.swift */ = {isa = PBXFileReference; lastKnownFileType = sourcecode.swift; path = CommandDAO.swift; sourceTree = "<group>"; };
		52F9044A27F8E56200D1AC97 /* Turn.swift */ = {isa = PBXFileReference; lastKnownFileType = sourcecode.swift; path = Turn.swift; sourceTree = "<group>"; };
		52F9044C27F9325300D1AC97 /* CommandType.swift */ = {isa = PBXFileReference; lastKnownFileType = sourcecode.swift; path = CommandType.swift; sourceTree = "<group>"; };
		52F9045127F9F92C00D1AC97 /* Command.swift */ = {isa = PBXFileReference; lastKnownFileType = sourcecode.swift; path = Command.swift; sourceTree = "<group>"; };
		52F9045327F9F9C500D1AC97 /* MoveCommand.swift */ = {isa = PBXFileReference; lastKnownFileType = sourcecode.swift; path = MoveCommand.swift; sourceTree = "<group>"; };
		52F9045527F9FF6A00D1AC97 /* TechCommand.swift */ = {isa = PBXFileReference; lastKnownFileType = sourcecode.swift; path = TechCommand.swift; sourceTree = "<group>"; };
		52F9045727FA007400D1AC97 /* BuildCityCommand.swift */ = {isa = PBXFileReference; lastKnownFileType = sourcecode.swift; path = BuildCityCommand.swift; sourceTree = "<group>"; };
		52F9045927FA009E00D1AC97 /* BuildBuildingCommand.swift */ = {isa = PBXFileReference; lastKnownFileType = sourcecode.swift; path = BuildBuildingCommand.swift; sourceTree = "<group>"; };
		52F9046D27FC8B7D00D1AC97 /* MoveCommandDAO.swift */ = {isa = PBXFileReference; lastKnownFileType = sourcecode.swift; path = MoveCommandDAO.swift; sourceTree = "<group>"; };
		52F9B60727E6AA4C005D55E6 /* libEngine.a */ = {isa = PBXFileReference; explicitFileType = archive.ar; includeInIndex = 0; path = libEngine.a; sourceTree = BUILT_PRODUCTS_DIR; };
/* End PBXFileReference section */

/* Begin PBXFrameworksBuildPhase section */
		52F9B60427E6AA4C005D55E6 /* Frameworks */ = {
			isa = PBXFrameworksBuildPhase;
			buildActionMask = 2147483647;
			files = (
			);
			runOnlyForDeploymentPostprocessing = 0;
		};
/* End PBXFrameworksBuildPhase section */

/* Begin PBXGroup section */
		521F219A2803F70B00F1D61D /* Infantry */ = {
			isa = PBXGroup;
			children = (
				52F9042727F4E27B00D1AC97 /* Infantry1.swift */,
				521F219F2803F88400F1D61D /* Infantry2.swift */,
				521F21A12803F89A00F1D61D /* Infantry3.swift */,
				521F21A32803F8A900F1D61D /* Infantry4.swift */,
				521F21A52803F8BB00F1D61D /* Infantry5.swift */,
				52F9042927F4E3C600D1AC97 /* Infantry6.swift */,
				52DE5FA2281EE3DB0029EFE1 /* Infantry7.swift */,
				52DE5FA4281EE3EB0029EFE1 /* Infantry8.swift */,
				52DE5FBA2822E6CC0029EFE1 /* Marine.swift */,
			);
			path = Infantry;
			sourceTree = "<group>";
		};
		521F219B2803F71600F1D61D /* Cavalry */ = {
			isa = PBXGroup;
			children = (
				52DE5FA6281EEAB30029EFE1 /* Cavalry1.swift */,
				52DE5FA8281EEAF50029EFE1 /* Cavalry2.swift */,
				52DE5F8A281D01B40029EFE1 /* Cavalry3.swift */,
				52DE5FAA281EEB130029EFE1 /* Cavalry4.swift */,
				52DE5FAC281EEB6B0029EFE1 /* Cavalry5.swift */,
				52DE5FAE281EEC360029EFE1 /* Cavalry6.swift */,
				5293BC27280B6A86001DE2F3 /* Cavalry7.swift */,
				52DE5FB0281EEE3F0029EFE1 /* Cavalry8.swift */,
			);
			path = Cavalry;
			sourceTree = "<group>";
		};
		521F219C2803F74200F1D61D /* Air */ = {
			isa = PBXGroup;
			children = (
				521F21B8280480FC00F1D61D /* Air1.swift */,
				521F21BA2804810700F1D61D /* Air2.swift */,
				521F21BC2804811200F1D61D /* Air3.swift */,
				521F21BE2804811C00F1D61D /* Air4.swift */,
				521F21C02804812600F1D61D /* Air5.swift */,
			);
			path = Air;
			sourceTree = "<group>";
		};
		521F219D2803F74B00F1D61D /* Naval */ = {
			isa = PBXGroup;
			children = (
				52DE5FA0281E32AC0029EFE1 /* AircraftCarrier.swift */,
				52DE5F8C281E06F50029EFE1 /* Naval1.swift */,
				52DE5F8E281E072C0029EFE1 /* Naval2.swift */,
				52DE5F90281E075A0029EFE1 /* Naval3.swift */,
				52DE5F88281CFF4E0029EFE1 /* Naval4.swift */,
				52DE5F92281E07F60029EFE1 /* Naval5.swift */,
				52DE5F94281E08140029EFE1 /* Naval6.swift */,
				52DE5F96281E085A0029EFE1 /* Naval7.swift */,
				52DE5F9C281E0F3A0029EFE1 /* Naval8.swift */,
				52DE5F9E281E0F4F0029EFE1 /* Naval9.swift */,
				52DE5F9A281E0CC80029EFE1 /* NavalTransport.swift */,
				52DE5F98281E093E0029EFE1 /* Submarine.swift */,
			);
			path = Naval;
			sourceTree = "<group>";
		};
		521F219E2803F82A00F1D61D /* Miscellaneous */ = {
			isa = PBXGroup;
			children = (
				526681652823043B0089D0DD /* AlpineTroop.swift */,
				52DE5F7E281C6A010029EFE1 /* CityCreator.swift */,
				5266816B282315760089D0DD /* Crusader.swift */,
				5266816D28233D0D0089D0DD /* CruiseMissile.swift */,
				526681632823029E0089D0DD /* Diplomat.swift */,
				52DE5FB828217F070029EFE1 /* Engineer.swift */,
				52E0B1FD27F173A500607FBE /* Explorer.swift */,
				52668161282302790089D0DD /* Fanatic.swift */,
				52012F5F2803A77A008388F6 /* Founder.swift */,
				5266816F28233D600089D0DD /* NuclearMissile.swift */,
				521F21B6280480E600F1D61D /* Paratrooper.swift */,
				52668169282315670089D0DD /* Partisan.swift */,
				52668167282315580089D0DD /* Spy.swift */,
				521F21B228047F7600F1D61D /* Trade1.swift */,
				521F21B428047F8000F1D61D /* Trade2.swift */,
			);
			path = Miscellaneous;
			sourceTree = "<group>";
		};
		521F21A72803F8DA00F1D61D /* Artillery */ = {
			isa = PBXGroup;
			children = (
				521F21A82803F8F100F1D61D /* Artillery1.swift */,
				521F21AA2803F91200F1D61D /* Artillery2.swift */,
				521F21AC2803F92300F1D61D /* Artillery3.swift */,
				521F21AE2803F92F00F1D61D /* Artillery4.swift */,
			);
			path = Artillery;
			sourceTree = "<group>";
		};
		521F21D22806984300F1D61D /* Map Features */ = {
			isa = PBXGroup;
			children = (
				521F21E6280740E000F1D61D /* MovementModifier.swift */,
				521F21E22807115100F1D61D /* Terrain.swift */,
				521F21E42807123D00F1D61D /* TerrainFactory.swift */,
				521F21D32806985800F1D61D /* TerrainType.swift */,
			);
			path = "Map Features";
			sourceTree = "<group>";
		};
		521F21D52806991100F1D61D /* Archive */ = {
			isa = PBXGroup;
			children = (
				52E0B1EA27EAB6B700607FBE /* GameNode.swift */,
			);
			path = Archive;
			sourceTree = "<group>";
		};
		521F21D8280699CD00F1D61D /* Data Structures */ = {
			isa = PBXGroup;
			children = (
				521F21F02808F6DF00F1D61D /* GridGraph.swift */,
				52E0B18F27E6D87600607FBE /* Map.swift */,
				5293BC25280A4947001DE2F3 /* Queue.swift */,
				521F21D62806996100F1D61D /* Tile.swift */,
				52E0B19027E6D87600607FBE /* Tile2.swift */,
				521F21F22808F78C00F1D61D /* ValueNode.swift */,
				527A0D84280F6884006B9D9F /* MapError.swift */,
				52DE5F782818D7060029EFE1 /* MapPosition.swift */,
			);
			path = "Data Structures";
			sourceTree = "<group>";
		};
		52605C8828014FF90082C0DB /* Core */ = {
			isa = PBXGroup;
			children = (
				521F21D8280699CD00F1D61D /* Data Structures */,
				52E0B1A327E6DFAB00607FBE /* Buildings */,
				52605C8E2801E37E0082C0DB /* Influence Maps */,
				521F21D22806984300F1D61D /* Map Features */,
				52E0B1FC27F1734000607FBE /* Units */,
				52E0B18927E6D86A00607FBE /* Constants.swift */,
				52AB0747280287580039B47D /* City.swift */,
				52E0B19927E6DFA000607FBE /* Game.swift */,
				52E0B19D27E6DFA100607FBE /* EntityManager.swift */,
				52DE5F80281C6DB60029EFE1 /* Player.swift */,
				52F9044A27F8E56200D1AC97 /* Turn.swift */,
			);
			path = Core;
			sourceTree = "<group>";
		};
		52605C8E2801E37E0082C0DB /* Influence Maps */ = {
			isa = PBXGroup;
			children = (
				52605C8F2801E3B00082C0DB /* InfluenceMapCalculator.swift */,
				52AB06FA2801FB400039B47D /* UnitInfluenceMapCalculator.swift */,
			);
			path = "Influence Maps";
			sourceTree = "<group>";
		};
		5293BC38280E77BA001DE2F3 /* Views */ = {
			isa = PBXGroup;
			children = (
			);
			path = Views;
			sourceTree = "<group>";
		};
		5293BC39280E77F2001DE2F3 /* Views */ = {
			isa = PBXGroup;
			children = (
				52DE5F7A2818E40E0029EFE1 /* ContextMenu.swift */,
				52DE5F82281C78450029EFE1 /* FounderContextMenu.swift */,
				52DE5F84281CAD230029EFE1 /* FounderNode.swift */,
				52DE5F3D281251930029EFE1 /* MapView.swift */,
				52DE5F7C281BA5750029EFE1 /* UnitNode.swift */,
				52DE5FB62820F1480029EFE1 /* CityNode.swift */,
			);
			path = Views;
			sourceTree = "<group>";
		};
		52E0B18B27E6D87600607FBE /* IO */ = {
			isa = PBXGroup;
			children = (
				52E0B18C27E6D87600607FBE /* TiledTileset.swift */,
				52E0B18D27E6D87600607FBE /* TiledMapParser.swift */,
				52E0B18E27E6D87600607FBE /* TiledTilesetParser.swift */,
			);
			path = IO;
			sourceTree = "<group>";
		};
		52E0B1A327E6DFAB00607FBE /* Buildings */ = {
			isa = PBXGroup;
			children = (
				52E0B1AE27E6DFD100607FBE /* Barracks.swift */,
				52E0B1AB27E6DFD100607FBE /* CommandCenter.swift */,
				52E0B1AC27E6DFD100607FBE /* ConcreteStorage.swift */,
				52E0B1A527E6DFD000607FBE /* EnergyStorage.swift */,
				52E0B1A427E6DFD000607FBE /* Gate.swift */,
				52E0B1A827E6DFD000607FBE /* MineralStorage.swift */,
				52E0B1A927E6DFD000607FBE /* Pod.swift */,
				52E0B1AA27E6DFD100607FBE /* PowerPlant.swift */,
				52E0B1AD27E6DFD100607FBE /* RadarTower.swift */,
				52E0B1A627E6DFD000607FBE /* Shipyard.swift */,
				52E0B1A727E6DFD000607FBE /* Wall.swift */,
			);
			path = Buildings;
			sourceTree = "<group>";
		};
		52E0B1BA27E6E15500607FBE /* Components */ = {
			isa = PBXGroup;
			children = (
				52E0B1BB27E6E18000607FBE /* SpriteComponent.swift */,
				52E0B1BD27E6E1AC00607FBE /* DamageableComponent.swift */,
			);
			path = Components;
			sourceTree = "<group>";
		};
		52E0B1BF27E6E1F300607FBE /* Extensions */ = {
			isa = PBXGroup;
			children = (
				52E0B1C027E6E25300607FBE /* SpriteNode.swift */,
			);
			path = Extensions;
			sourceTree = "<group>";
		};
		52E0B1C627E6E76D00607FBE /* View Models */ = {
			isa = PBXGroup;
			children = (
				52E0B1C727E6E7A900607FBE /* MapViewModel.swift */,
			);
			path = "View Models";
			sourceTree = "<group>";
		};
		52E0B1FC27F1734000607FBE /* Units */ = {
			isa = PBXGroup;
			children = (
				521F219C2803F74200F1D61D /* Air */,
				521F21A72803F8DA00F1D61D /* Artillery */,
				521F219B2803F71600F1D61D /* Cavalry */,
				521F219A2803F70B00F1D61D /* Infantry */,
				521F219E2803F82A00F1D61D /* Miscellaneous */,
				521F219D2803F74B00F1D61D /* Naval */,
				52F9042527F4E1AC00D1AC97 /* Unit.swift */,
				52DE5F31281086A40029EFE1 /* UnitFactory.swift */,
				521F21D02806980600F1D61D /* UnitType.swift */,
			);
			path = Units;
			sourceTree = "<group>";
		};
		52F9042B27F6B4AB00D1AC97 /* Data Access Layer */ = {
			isa = PBXGroup;
			children = (
				52F9042E27F6B56200D1AC97 /* Data Access Objects */,
				52F9042C27F6B54D00D1AC97 /* Db.swift */,
				52F9043627F6CF8900D1AC97 /* DbError.swift */,
				52F9043827F6D02500D1AC97 /* SqliteError.swift */,
			);
			path = "Data Access Layer";
			sourceTree = "<group>";
		};
		52F9042E27F6B56200D1AC97 /* Data Access Objects */ = {
			isa = PBXGroup;
			children = (
				52F9046F27FC8B8800D1AC97 /* Commands */,
				52F9042F27F6B5B100D1AC97 /* BaseDAO.swift */,
				52DE5FB42820EC570029EFE1 /* CityDAO.swift */,
				52F9044327F6D68A00D1AC97 /* GameDAO.swift */,
				52DE5F332810DAB90029EFE1 /* MapDAO.swift */,
				5293BC2B280DD55A001DE2F3 /* TerrainDAO.swift */,
				52DE5F3B281249EC0029EFE1 /* UnitDAO.swift */,
			);
			path = "Data Access Objects";
			sourceTree = "<group>";
		};
		52F9043127F6B62B00D1AC97 /* Resources */ = {
			isa = PBXGroup;
			children = (
				52F9043227F6B65200D1AC97 /* Data */,
			);
			path = Resources;
			sourceTree = "<group>";
		};
		52F9043227F6B65200D1AC97 /* Data */ = {
			isa = PBXGroup;
			children = (
				52F9043327F6CD1100D1AC97 /* civitas.db */,
			);
			path = Data;
			sourceTree = "<group>";
		};
		52F9044727F80BA000D1AC97 /* Log */ = {
			isa = PBXGroup;
			children = (
				5293BC38280E77BA001DE2F3 /* Views */,
			);
			path = Log;
			sourceTree = "<group>";
		};
		52F9045027F9F8CF00D1AC97 /* Commands */ = {
			isa = PBXGroup;
			children = (
				52F9045127F9F92C00D1AC97 /* Command.swift */,
				52F9044C27F9325300D1AC97 /* CommandType.swift */,
				52F9045327F9F9C500D1AC97 /* MoveCommand.swift */,
				52F9045527F9FF6A00D1AC97 /* TechCommand.swift */,
				52F9045727FA007400D1AC97 /* BuildCityCommand.swift */,
				52F9045927FA009E00D1AC97 /* BuildBuildingCommand.swift */,
			);
			path = Commands;
			sourceTree = "<group>";
		};
		52F9046F27FC8B8800D1AC97 /* Commands */ = {
			isa = PBXGroup;
			children = (
				52F9044527F80B0500D1AC97 /* CommandDAO.swift */,
				52F9046D27FC8B7D00D1AC97 /* MoveCommandDAO.swift */,
			);
			path = Commands;
			sourceTree = "<group>";
		};
		52F9B5FE27E6AA4C005D55E6 = {
			isa = PBXGroup;
			children = (
				52F9B60927E6AA4C005D55E6 /* Engine */,
				52F9B60827E6AA4C005D55E6 /* Products */,
			);
			sourceTree = "<group>";
		};
		52F9B60827E6AA4C005D55E6 /* Products */ = {
			isa = PBXGroup;
			children = (
				52F9B60727E6AA4C005D55E6 /* libEngine.a */,
			);
			name = Products;
			sourceTree = "<group>";
		};
		52F9B60927E6AA4C005D55E6 /* Engine */ = {
			isa = PBXGroup;
			children = (
				521F21D52806991100F1D61D /* Archive */,
				52F9043127F6B62B00D1AC97 /* Resources */,
				52605C8828014FF90082C0DB /* Core */,
				52F9045027F9F8CF00D1AC97 /* Commands */,
				52E0B1BA27E6E15500607FBE /* Components */,
				52F9042B27F6B4AB00D1AC97 /* Data Access Layer */,
				52E0B1BF27E6E1F300607FBE /* Extensions */,
				52E0B18B27E6D87600607FBE /* IO */,
				52F9044727F80BA000D1AC97 /* Log */,
				5293BC39280E77F2001DE2F3 /* Views */,
				52E0B1C627E6E76D00607FBE /* View Models */,
			);
			path = Engine;
			sourceTree = "<group>";
		};
/* End PBXGroup section */

/* Begin PBXNativeTarget section */
		52F9B60627E6AA4C005D55E6 /* Engine */ = {
			isa = PBXNativeTarget;
			buildConfigurationList = 52F9B60E27E6AA4C005D55E6 /* Build configuration list for PBXNativeTarget "Engine" */;
			buildPhases = (
				52F9B60327E6AA4C005D55E6 /* Sources */,
				52F9B60427E6AA4C005D55E6 /* Frameworks */,
				52F9B60527E6AA4C005D55E6 /* CopyFiles */,
			);
			buildRules = (
			);
			dependencies = (
			);
			name = Engine;
			productName = "Astral One Engine";
			productReference = 52F9B60727E6AA4C005D55E6 /* libEngine.a */;
			productType = "com.apple.product-type.library.static";
		};
/* End PBXNativeTarget section */

/* Begin PBXProject section */
		52F9B5FF27E6AA4C005D55E6 /* Project object */ = {
			isa = PBXProject;
			attributes = {
				BuildIndependentTargetsInParallel = 1;
				LastSwiftUpdateCheck = 1330;
				LastUpgradeCheck = 1320;
				TargetAttributes = {
					52F9B60627E6AA4C005D55E6 = {
						CreatedOnToolsVersion = 13.2.1;
					};
				};
			};
			buildConfigurationList = 52F9B60227E6AA4C005D55E6 /* Build configuration list for PBXProject "Engine" */;
			compatibilityVersion = "Xcode 13.0";
			developmentRegion = en;
			hasScannedForEncodings = 0;
			knownRegions = (
				en,
				Base,
			);
			mainGroup = 52F9B5FE27E6AA4C005D55E6;
			productRefGroup = 52F9B60827E6AA4C005D55E6 /* Products */;
			projectDirPath = "";
			projectRoot = "";
			targets = (
				52F9B60627E6AA4C005D55E6 /* Engine */,
			);
		};
/* End PBXProject section */

/* Begin PBXSourcesBuildPhase section */
		52F9B60327E6AA4C005D55E6 /* Sources */ = {
			isa = PBXSourcesBuildPhase;
			buildActionMask = 2147483647;
			files = (
				52E0B1A227E6DFA100607FBE /* EntityManager.swift in Sources */,
				52DE5F9B281E0CC80029EFE1 /* NavalTransport.swift in Sources */,
				52E0B19227E6D87600607FBE /* TiledMapParser.swift in Sources */,
				52E0B1FE27F173A500607FBE /* Explorer.swift in Sources */,
				52DE5F89281CFF4E0029EFE1 /* Naval4.swift in Sources */,
				5266817028233D600089D0DD /* NuclearMissile.swift in Sources */,
				52DE5FA3281EE3DB0029EFE1 /* Infantry7.swift in Sources */,
				52E0B1BE27E6E1AC00607FBE /* DamageableComponent.swift in Sources */,
				52DE5F81281C6DB60029EFE1 /* Player.swift in Sources */,
				5266816A282315670089D0DD /* Partisan.swift in Sources */,
				52F9042627F4E1AC00D1AC97 /* Unit.swift in Sources */,
				52AB0748280287580039B47D /* City.swift in Sources */,
				52F9042827F4E27B00D1AC97 /* Infantry1.swift in Sources */,
				52DE5F83281C78450029EFE1 /* FounderContextMenu.swift in Sources */,
				52DE5F3E281251930029EFE1 /* MapView.swift in Sources */,
				52F9042A27F4E3C600D1AC97 /* Infantry6.swift in Sources */,
				52668168282315580089D0DD /* Spy.swift in Sources */,
				52F9044627F80B0500D1AC97 /* CommandDAO.swift in Sources */,
				52E0B19127E6D87600607FBE /* TiledTileset.swift in Sources */,
				521F21A22803F89A00F1D61D /* Infantry3.swift in Sources */,
				52AB06FB2801FB400039B47D /* UnitInfluenceMapCalculator.swift in Sources */,
				52DE5F91281E075A0029EFE1 /* Naval3.swift in Sources */,
				526681642823029E0089D0DD /* Diplomat.swift in Sources */,
				52DE5FA9281EEAF50029EFE1 /* Cavalry2.swift in Sources */,
				52DE5F32281086A40029EFE1 /* UnitFactory.swift in Sources */,
				5293BC2C280DD55A001DE2F3 /* TerrainDAO.swift in Sources */,
				521F21F32808F78C00F1D61D /* ValueNode.swift in Sources */,
				52F9042D27F6B54D00D1AC97 /* Db.swift in Sources */,
				52E0B1B427E6DFD100607FBE /* Pod.swift in Sources */,
				52DE5F9F281E0F4F0029EFE1 /* Naval9.swift in Sources */,
				521F21B528047F8000F1D61D /* Trade2.swift in Sources */,
				52DE5F7F281C6A010029EFE1 /* CityCreator.swift in Sources */,
				52DE5F3C281249EC0029EFE1 /* UnitDAO.swift in Sources */,
				52DE5F97281E085A0029EFE1 /* Naval7.swift in Sources */,
				526681662823043B0089D0DD /* AlpineTroop.swift in Sources */,
				52DE5F99281E093E0029EFE1 /* Submarine.swift in Sources */,
				52E0B1B827E6DFD100607FBE /* RadarTower.swift in Sources */,
				521F21A02803F88400F1D61D /* Infantry2.swift in Sources */,
				5293BC28280B6A86001DE2F3 /* Cavalry7.swift in Sources */,
				5293BC26280A4947001DE2F3 /* Queue.swift in Sources */,
				52F9044D27F9325300D1AC97 /* CommandType.swift in Sources */,
				521F21D12806980600F1D61D /* UnitType.swift in Sources */,
				52E0B1C127E6E25300607FBE /* SpriteNode.swift in Sources */,
				52DE5F85281CAD230029EFE1 /* FounderNode.swift in Sources */,
				52F9043927F6D02500D1AC97 /* SqliteError.swift in Sources */,
				52F9045427F9F9C500D1AC97 /* MoveCommand.swift in Sources */,
				52DE5F95281E08140029EFE1 /* Naval6.swift in Sources */,
				52DE5F8B281D01B40029EFE1 /* Cavalry3.swift in Sources */,
				52DE5FB1281EEE3F0029EFE1 /* Cavalry8.swift in Sources */,
				52E0B1B927E6DFD100607FBE /* Barracks.swift in Sources */,
				521F21AD2803F92300F1D61D /* Artillery3.swift in Sources */,
				52DE5F792818D7060029EFE1 /* MapPosition.swift in Sources */,
				521F21A92803F8F100F1D61D /* Artillery1.swift in Sources */,
				52DE5FB72820F1480029EFE1 /* CityNode.swift in Sources */,
				52DE5FBB2822E6CC0029EFE1 /* Marine.swift in Sources */,
				521F21D42806985800F1D61D /* TerrainType.swift in Sources */,
				521F21D72806996100F1D61D /* Tile.swift in Sources */,
				52012F602803A77A008388F6 /* Founder.swift in Sources */,
				52E0B19E27E6DFA100607FBE /* Game.swift in Sources */,
				52F9045227F9F92C00D1AC97 /* Command.swift in Sources */,
				52DE5FA7281EEAB30029EFE1 /* Cavalry1.swift in Sources */,
				52DE5F9D281E0F3A0029EFE1 /* Naval8.swift in Sources */,
				521F21B9280480FC00F1D61D /* Air1.swift in Sources */,
				52DE5FA5281EE3EB0029EFE1 /* Infantry8.swift in Sources */,
				52E0B19527E6D87600607FBE /* Tile2.swift in Sources */,
				52F9044427F6D68A00D1AC97 /* GameDAO.swift in Sources */,
				52F9045627F9FF6A00D1AC97 /* TechCommand.swift in Sources */,
				52E0B1B227E6DFD100607FBE /* Wall.swift in Sources */,
				52E0B1B127E6DFD100607FBE /* Shipyard.swift in Sources */,
				52DE5F342810DAB90029EFE1 /* MapDAO.swift in Sources */,
				52E0B19327E6D87600607FBE /* TiledTilesetParser.swift in Sources */,
				52E0B19427E6D87600607FBE /* Map.swift in Sources */,
				521F21F12808F6DF00F1D61D /* GridGraph.swift in Sources */,
				521F21BB2804810700F1D61D /* Air2.swift in Sources */,
				52F9046E27FC8B7D00D1AC97 /* MoveCommandDAO.swift in Sources */,
				52F9043727F6CF8900D1AC97 /* DbError.swift in Sources */,
				52E0B1C827E6E7A900607FBE /* MapViewModel.swift in Sources */,
				521F21C12804812600F1D61D /* Air5.swift in Sources */,
				52DE5FAF281EEC360029EFE1 /* Cavalry6.swift in Sources */,
				52F9045A27FA009E00D1AC97 /* BuildBuildingCommand.swift in Sources */,
				521F21E52807123D00F1D61D /* TerrainFactory.swift in Sources */,
				52DE5FA1281E32AC0029EFE1 /* AircraftCarrier.swift in Sources */,
				527A0D85280F6884006B9D9F /* MapError.swift in Sources */,
				521F21A42803F8A900F1D61D /* Infantry4.swift in Sources */,
				5266816E28233D0D0089D0DD /* CruiseMissile.swift in Sources */,
				52F9043027F6B5B100D1AC97 /* BaseDAO.swift in Sources */,
				52E0B1B327E6DFD100607FBE /* MineralStorage.swift in Sources */,
				52F9045827FA007400D1AC97 /* BuildCityCommand.swift in Sources */,
				52DE5F8D281E06F50029EFE1 /* Naval1.swift in Sources */,
				52DE5FB52820EC570029EFE1 /* CityDAO.swift in Sources */,
				52E0B1B027E6DFD100607FBE /* EnergyStorage.swift in Sources */,
				521F21A62803F8BB00F1D61D /* Infantry5.swift in Sources */,
				52DE5F93281E07F60029EFE1 /* Naval5.swift in Sources */,
				52605C902801E3B00082C0DB /* InfluenceMapCalculator.swift in Sources */,
				521F21AB2803F91200F1D61D /* Artillery2.swift in Sources */,
				521F21B328047F7600F1D61D /* Trade1.swift in Sources */,
				5266816C282315760089D0DD /* Crusader.swift in Sources */,
				52DE5F8F281E072C0029EFE1 /* Naval2.swift in Sources */,
				521F21E32807115100F1D61D /* Terrain.swift in Sources */,
				52DE5F7B2818E40E0029EFE1 /* ContextMenu.swift in Sources */,
				52DE5FAD281EEB6B0029EFE1 /* Cavalry5.swift in Sources */,
				52F9044B27F8E56200D1AC97 /* Turn.swift in Sources */,
				52DE5F7D281BA5750029EFE1 /* UnitNode.swift in Sources */,
				521F21BF2804811C00F1D61D /* Air4.swift in Sources */,
				521F21AF2803F92F00F1D61D /* Artillery4.swift in Sources */,
				52E0B1B527E6DFD100607FBE /* PowerPlant.swift in Sources */,
				52E0B1BC27E6E18000607FBE /* SpriteComponent.swift in Sources */,
				52E0B1B727E6DFD100607FBE /* ConcreteStorage.swift in Sources */,
				52668162282302790089D0DD /* Fanatic.swift in Sources */,
				521F21BD2804811200F1D61D /* Air3.swift in Sources */,
				521F21B7280480E600F1D61D /* Paratrooper.swift in Sources */,
				521F21E7280740E000F1D61D /* MovementModifier.swift in Sources */,
				52E0B1EB27EAB6B800607FBE /* GameNode.swift in Sources */,
				52E0B1B627E6DFD100607FBE /* CommandCenter.swift in Sources */,
				52DE5FAB281EEB130029EFE1 /* Cavalry4.swift in Sources */,
				52DE5FB928217F070029EFE1 /* Engineer.swift in Sources */,
				52E0B1AF27E6DFD100607FBE /* Gate.swift in Sources */,
				52E0B18A27E6D86A00607FBE /* Constants.swift in Sources */,
			);
			runOnlyForDeploymentPostprocessing = 0;
		};
/* End PBXSourcesBuildPhase section */

/* Begin XCBuildConfiguration section */
		52F9B60C27E6AA4C005D55E6 /* Debug */ = {
			isa = XCBuildConfiguration;
			buildSettings = {
				ALWAYS_SEARCH_USER_PATHS = NO;
				CLANG_ANALYZER_NONNULL = YES;
				CLANG_ANALYZER_NUMBER_OBJECT_CONVERSION = YES_AGGRESSIVE;
				CLANG_CXX_LANGUAGE_STANDARD = "gnu++17";
				CLANG_CXX_LIBRARY = "libc++";
				CLANG_ENABLE_MODULES = YES;
				CLANG_ENABLE_OBJC_ARC = YES;
				CLANG_ENABLE_OBJC_WEAK = YES;
				CLANG_WARN_BLOCK_CAPTURE_AUTORELEASING = YES;
				CLANG_WARN_BOOL_CONVERSION = YES;
				CLANG_WARN_COMMA = YES;
				CLANG_WARN_CONSTANT_CONVERSION = YES;
				CLANG_WARN_DEPRECATED_OBJC_IMPLEMENTATIONS = YES;
				CLANG_WARN_DIRECT_OBJC_ISA_USAGE = YES_ERROR;
				CLANG_WARN_DOCUMENTATION_COMMENTS = YES;
				CLANG_WARN_EMPTY_BODY = YES;
				CLANG_WARN_ENUM_CONVERSION = YES;
				CLANG_WARN_INFINITE_RECURSION = YES;
				CLANG_WARN_INT_CONVERSION = YES;
				CLANG_WARN_NON_LITERAL_NULL_CONVERSION = YES;
				CLANG_WARN_OBJC_IMPLICIT_RETAIN_SELF = YES;
				CLANG_WARN_OBJC_LITERAL_CONVERSION = YES;
				CLANG_WARN_OBJC_ROOT_CLASS = YES_ERROR;
				CLANG_WARN_QUOTED_INCLUDE_IN_FRAMEWORK_HEADER = YES;
				CLANG_WARN_RANGE_LOOP_ANALYSIS = YES;
				CLANG_WARN_STRICT_PROTOTYPES = YES;
				CLANG_WARN_SUSPICIOUS_MOVE = YES;
				CLANG_WARN_UNGUARDED_AVAILABILITY = YES_AGGRESSIVE;
				CLANG_WARN_UNREACHABLE_CODE = YES;
				CLANG_WARN__DUPLICATE_METHOD_MATCH = YES;
				COPY_PHASE_STRIP = NO;
				DEBUG_INFORMATION_FORMAT = dwarf;
				ENABLE_STRICT_OBJC_MSGSEND = YES;
				ENABLE_TESTABILITY = YES;
				GCC_C_LANGUAGE_STANDARD = gnu11;
				GCC_DYNAMIC_NO_PIC = NO;
				GCC_NO_COMMON_BLOCKS = YES;
				GCC_OPTIMIZATION_LEVEL = 0;
				GCC_PREPROCESSOR_DEFINITIONS = (
					"DEBUG=1",
					"$(inherited)",
				);
				GCC_WARN_64_TO_32_BIT_CONVERSION = YES;
				GCC_WARN_ABOUT_RETURN_TYPE = YES_ERROR;
				GCC_WARN_UNDECLARED_SELECTOR = YES;
				GCC_WARN_UNINITIALIZED_AUTOS = YES_AGGRESSIVE;
				GCC_WARN_UNUSED_FUNCTION = YES;
				GCC_WARN_UNUSED_VARIABLE = YES;
				IPHONEOS_DEPLOYMENT_TARGET = 14.0;
				MTL_ENABLE_DEBUG_INFO = INCLUDE_SOURCE;
				MTL_FAST_MATH = YES;
				ONLY_ACTIVE_ARCH = YES;
				SDKROOT = iphoneos;
				SWIFT_ACTIVE_COMPILATION_CONDITIONS = DEBUG;
				SWIFT_OPTIMIZATION_LEVEL = "-Onone";
			};
			name = Debug;
		};
		52F9B60D27E6AA4C005D55E6 /* Release */ = {
			isa = XCBuildConfiguration;
			buildSettings = {
				ALWAYS_SEARCH_USER_PATHS = NO;
				CLANG_ANALYZER_NONNULL = YES;
				CLANG_ANALYZER_NUMBER_OBJECT_CONVERSION = YES_AGGRESSIVE;
				CLANG_CXX_LANGUAGE_STANDARD = "gnu++17";
				CLANG_CXX_LIBRARY = "libc++";
				CLANG_ENABLE_MODULES = YES;
				CLANG_ENABLE_OBJC_ARC = YES;
				CLANG_ENABLE_OBJC_WEAK = YES;
				CLANG_WARN_BLOCK_CAPTURE_AUTORELEASING = YES;
				CLANG_WARN_BOOL_CONVERSION = YES;
				CLANG_WARN_COMMA = YES;
				CLANG_WARN_CONSTANT_CONVERSION = YES;
				CLANG_WARN_DEPRECATED_OBJC_IMPLEMENTATIONS = YES;
				CLANG_WARN_DIRECT_OBJC_ISA_USAGE = YES_ERROR;
				CLANG_WARN_DOCUMENTATION_COMMENTS = YES;
				CLANG_WARN_EMPTY_BODY = YES;
				CLANG_WARN_ENUM_CONVERSION = YES;
				CLANG_WARN_INFINITE_RECURSION = YES;
				CLANG_WARN_INT_CONVERSION = YES;
				CLANG_WARN_NON_LITERAL_NULL_CONVERSION = YES;
				CLANG_WARN_OBJC_IMPLICIT_RETAIN_SELF = YES;
				CLANG_WARN_OBJC_LITERAL_CONVERSION = YES;
				CLANG_WARN_OBJC_ROOT_CLASS = YES_ERROR;
				CLANG_WARN_QUOTED_INCLUDE_IN_FRAMEWORK_HEADER = YES;
				CLANG_WARN_RANGE_LOOP_ANALYSIS = YES;
				CLANG_WARN_STRICT_PROTOTYPES = YES;
				CLANG_WARN_SUSPICIOUS_MOVE = YES;
				CLANG_WARN_UNGUARDED_AVAILABILITY = YES_AGGRESSIVE;
				CLANG_WARN_UNREACHABLE_CODE = YES;
				CLANG_WARN__DUPLICATE_METHOD_MATCH = YES;
				COPY_PHASE_STRIP = NO;
				DEBUG_INFORMATION_FORMAT = "dwarf-with-dsym";
				ENABLE_NS_ASSERTIONS = NO;
				ENABLE_STRICT_OBJC_MSGSEND = YES;
				GCC_C_LANGUAGE_STANDARD = gnu11;
				GCC_NO_COMMON_BLOCKS = YES;
				GCC_WARN_64_TO_32_BIT_CONVERSION = YES;
				GCC_WARN_ABOUT_RETURN_TYPE = YES_ERROR;
				GCC_WARN_UNDECLARED_SELECTOR = YES;
				GCC_WARN_UNINITIALIZED_AUTOS = YES_AGGRESSIVE;
				GCC_WARN_UNUSED_FUNCTION = YES;
				GCC_WARN_UNUSED_VARIABLE = YES;
				IPHONEOS_DEPLOYMENT_TARGET = 14.0;
				MTL_ENABLE_DEBUG_INFO = NO;
				MTL_FAST_MATH = YES;
				SDKROOT = iphoneos;
				SWIFT_COMPILATION_MODE = wholemodule;
				SWIFT_OPTIMIZATION_LEVEL = "-O";
				VALIDATE_PRODUCT = YES;
			};
			name = Release;
		};
		52F9B60F27E6AA4C005D55E6 /* Debug */ = {
			isa = XCBuildConfiguration;
			buildSettings = {
				CODE_SIGN_STYLE = Automatic;
				DEVELOPMENT_TEAM = SNJW4KBXLV;
				OTHER_LDFLAGS = "-ObjC";
				PRODUCT_NAME = "$(TARGET_NAME)";
				SKIP_INSTALL = YES;
				SWIFT_VERSION = 5.0;
				TARGETED_DEVICE_FAMILY = "1,2";
			};
			name = Debug;
		};
		52F9B61027E6AA4C005D55E6 /* Release */ = {
			isa = XCBuildConfiguration;
			buildSettings = {
				CODE_SIGN_STYLE = Automatic;
				DEVELOPMENT_TEAM = SNJW4KBXLV;
				OTHER_LDFLAGS = "-ObjC";
				PRODUCT_NAME = "$(TARGET_NAME)";
				SKIP_INSTALL = YES;
				SWIFT_VERSION = 5.0;
				TARGETED_DEVICE_FAMILY = "1,2";
			};
			name = Release;
		};
/* End XCBuildConfiguration section */

/* Begin XCConfigurationList section */
		52F9B60227E6AA4C005D55E6 /* Build configuration list for PBXProject "Engine" */ = {
			isa = XCConfigurationList;
			buildConfigurations = (
				52F9B60C27E6AA4C005D55E6 /* Debug */,
				52F9B60D27E6AA4C005D55E6 /* Release */,
			);
			defaultConfigurationIsVisible = 0;
			defaultConfigurationName = Release;
		};
		52F9B60E27E6AA4C005D55E6 /* Build configuration list for PBXNativeTarget "Engine" */ = {
			isa = XCConfigurationList;
			buildConfigurations = (
				52F9B60F27E6AA4C005D55E6 /* Debug */,
				52F9B61027E6AA4C005D55E6 /* Release */,
			);
			defaultConfigurationIsVisible = 0;
			defaultConfigurationName = Release;
		};
/* End XCConfigurationList section */
	};
	rootObject = 52F9B5FF27E6AA4C005D55E6 /* Project object */;
}
